// !$*UTF8*$!
{
	archiveVersion = 1;
	classes = {
	};
	objectVersion = 46;
	objects = {

/* Begin PBXBuildFile section */
		55882010E0B544B000FC40E7 /* Pods_KnittingYarnCalc.framework in Frameworks */ = {isa = PBXBuildFile; fileRef = CFB5448BB4F8C5F93F0CA7FF /* Pods_KnittingYarnCalc.framework */; };
		87082A4B224730B600D0E93C /* UserDefaults.swift in Sources */ = {isa = PBXBuildFile; fileRef = 873A8CE01D46876800B3B287 /* UserDefaults.swift */; };
		87082A4D224730B600D0E93C /* WeightsController.swift in Sources */ = {isa = PBXBuildFile; fileRef = 87DABAA21CE7EBF4009DD3B1 /* WeightsController.swift */; };
		87082A56224730B600D0E93C /* Socks.swift in Sources */ = {isa = PBXBuildFile; fileRef = 87E536DD1CFBFB6E00BE9735 /* Socks.swift */; };
		87082A57224730B600D0E93C /* Hat.swift in Sources */ = {isa = PBXBuildFile; fileRef = 87E536DA1CFBF9EE00BE9735 /* Hat.swift */; };
		87082A58224730B600D0E93C /* ProjectCell.swift in Sources */ = {isa = PBXBuildFile; fileRef = 87A23A6C1CED3E2200E03F1F /* ProjectCell.swift */; };
		87082A59224730B600D0E93C /* YarnWeight.swift in Sources */ = {isa = PBXBuildFile; fileRef = 87DABAD01CE821D1009DD3B1 /* YarnWeight.swift */; };
		87082A5A224730B600D0E93C /* WeightCell.swift in Sources */ = {isa = PBXBuildFile; fileRef = 87DABACE1CE7F7B1009DD3B1 /* WeightCell.swift */; };
		87082A5B224730B600D0E93C /* KnittingNeedles.swift in Sources */ = {isa = PBXBuildFile; fileRef = 87660B7E1D774AF000975E3B /* KnittingNeedles.swift */; };
		87082A5C224730B600D0E93C /* Mittens.swift in Sources */ = {isa = PBXBuildFile; fileRef = 8763AA721CF2AF3300E1B003 /* Mittens.swift */; };
		87082A5D224730B600D0E93C /* Scarf.swift in Sources */ = {isa = PBXBuildFile; fileRef = 87E536D21CFBECA100BE9735 /* Scarf.swift */; };
		87082A60224730B600D0E93C /* Colors.swift in Sources */ = {isa = PBXBuildFile; fileRef = 87D078EB1D58EB0400DFBC11 /* Colors.swift */; };
		87082A61224730B600D0E93C /* Sweater.swift in Sources */ = {isa = PBXBuildFile; fileRef = 8763AA741CF2B90000E1B003 /* Sweater.swift */; };
		87082A62224730B600D0E93C /* ProjectListController.swift in Sources */ = {isa = PBXBuildFile; fileRef = 87A23A6A1CED1A4A00E03F1F /* ProjectListController.swift */; };
		87082A64224730B600D0E93C /* Project.swift in Sources */ = {isa = PBXBuildFile; fileRef = 8763AA701CF2A8DD00E1B003 /* Project.swift */; };
		87082A66224730B600D0E93C /* InfoController.swift in Sources */ = {isa = PBXBuildFile; fileRef = 8763AA7E1CF2F6E800E1B003 /* InfoController.swift */; };
		87082A68224730B600D0E93C /* Vest.swift in Sources */ = {isa = PBXBuildFile; fileRef = 87E536D61CFBF79E00BE9735 /* Vest.swift */; };
		87082A6B224730B600D0E93C /* Scarf-si.plist in Resources */ = {isa = PBXBuildFile; fileRef = 87EFFA6D1D6B901300AAA422 /* Scarf-si.plist */; };
		87082A6C224730B600D0E93C /* Mittens-si.plist in Resources */ = {isa = PBXBuildFile; fileRef = 87EFFA4B1D6B8A0700AAA422 /* Mittens-si.plist */; };
		87082A6D224730B600D0E93C /* Blanket-si.plist in Resources */ = {isa = PBXBuildFile; fileRef = 87EFFA631D6B8E4200AAA422 /* Blanket-si.plist */; };
		87082A6E224730B600D0E93C /* LaunchScreen.storyboard in Resources */ = {isa = PBXBuildFile; fileRef = 87DABAA91CE7EBF4009DD3B1 /* LaunchScreen.storyboard */; };
		87082A6F224730B600D0E93C /* InfoPlist.strings in Resources */ = {isa = PBXBuildFile; fileRef = 87EFFA481D67C9B800AAA422 /* InfoPlist.strings */; };
		87082A70224730B600D0E93C /* Gloves-si.plist in Resources */ = {isa = PBXBuildFile; fileRef = 87EFFA611D6B8DAA00AAA422 /* Gloves-si.plist */; };
		87082A71224730B600D0E93C /* Scarf-im.plist in Resources */ = {isa = PBXBuildFile; fileRef = 87EFFA4C1D6B8A0700AAA422 /* Scarf-im.plist */; };
		87082A72224730B600D0E93C /* Socks-im.plist in Resources */ = {isa = PBXBuildFile; fileRef = 87EFFA4D1D6B8A0700AAA422 /* Socks-im.plist */; };
		87082A73224730B600D0E93C /* Vest-si.plist in Resources */ = {isa = PBXBuildFile; fileRef = 87EFFA501D6B8A0700AAA422 /* Vest-si.plist */; };
		87082A75224730B600D0E93C /* Sweater-im.plist in Resources */ = {isa = PBXBuildFile; fileRef = 87EFFA5D1D6B8CE600AAA422 /* Sweater-im.plist */; };
		87082A76224730B600D0E93C /* Tam-im.plist in Resources */ = {isa = PBXBuildFile; fileRef = 87EFFA691D6B8F9100AAA422 /* Tam-im.plist */; };
		87082A77224730B600D0E93C /* YarnWeight.plist in Resources */ = {isa = PBXBuildFile; fileRef = 87660B7C1D77424800975E3B /* YarnWeight.plist */; };
		87082A78224730B600D0E93C /* Toque-im.plist in Resources */ = {isa = PBXBuildFile; fileRef = 87EFFA4F1D6B8A0700AAA422 /* Toque-im.plist */; };
		87082A79224730B600D0E93C /* Blanket-im.plist in Resources */ = {isa = PBXBuildFile; fileRef = 87EFFA511D6B8A0700AAA422 /* Blanket-im.plist */; };
		87082A7A224730B600D0E93C /* Sweater-si.plist in Resources */ = {isa = PBXBuildFile; fileRef = 87EFFA531D6B8A0700AAA422 /* Sweater-si.plist */; };
		87082A7B224730B600D0E93C /* Vest-im.plist in Resources */ = {isa = PBXBuildFile; fileRef = 87EFFA651D6B8EDE00AAA422 /* Vest-im.plist */; };
		87082A7D224730B600D0E93C /* Localizable.strings in Resources */ = {isa = PBXBuildFile; fileRef = 87EFFA3E1D67C8FC00AAA422 /* Localizable.strings */; };
		87082A7E224730B600D0E93C /* Socks-si.plist in Resources */ = {isa = PBXBuildFile; fileRef = 87EFFA6F1D6B94C700AAA422 /* Socks-si.plist */; };
		87082A7F224730B600D0E93C /* Tam-si.plist in Resources */ = {isa = PBXBuildFile; fileRef = 87EFFA4E1D6B8A0700AAA422 /* Tam-si.plist */; };
		87082A81224730B600D0E93C /* Toque-si.plist in Resources */ = {isa = PBXBuildFile; fileRef = 87EFFA701D6B94C700AAA422 /* Toque-si.plist */; };
		87082A82224730B600D0E93C /* Gloves-im.plist in Resources */ = {isa = PBXBuildFile; fileRef = 87EFFA521D6B8A0700AAA422 /* Gloves-im.plist */; };
		87082A83224730B600D0E93C /* Mittens-im.plist in Resources */ = {isa = PBXBuildFile; fileRef = 87EFFA711D6B94C700AAA422 /* Mittens-im.plist */; };
		8726BB3122C92F1B00C79210 /* BlanketTests.swift in Sources */ = {isa = PBXBuildFile; fileRef = 8726BB2D22C92F0500C79210 /* BlanketTests.swift */; };
		8726BB3222C92F1F00C79210 /* GlovesTests.swift in Sources */ = {isa = PBXBuildFile; fileRef = 8726BB2B22C92F0400C79210 /* GlovesTests.swift */; };
		8726BB3B22C92F2800C79210 /* MittensTests.swift in Sources */ = {isa = PBXBuildFile; fileRef = 8726BB2222C92F0400C79210 /* MittensTests.swift */; };
		8726BB3C22C92F2800C79210 /* PatternInfo.swift in Sources */ = {isa = PBXBuildFile; fileRef = 8726BB2C22C92F0400C79210 /* PatternInfo.swift */; };
		8726BB3D22C92F2800C79210 /* ScarfTests.swift in Sources */ = {isa = PBXBuildFile; fileRef = 8726BB2422C92F0400C79210 /* ScarfTests.swift */; };
		8726BB3E22C92F2800C79210 /* SockTests.swift in Sources */ = {isa = PBXBuildFile; fileRef = 8726BB2122C92F0400C79210 /* SockTests.swift */; };
		8726BB3F22C92F2800C79210 /* SweaterTests.swift in Sources */ = {isa = PBXBuildFile; fileRef = 8726BB2722C92F0400C79210 /* SweaterTests.swift */; };
		8726BB4022C92F2800C79210 /* TamTests.swift in Sources */ = {isa = PBXBuildFile; fileRef = 8726BB2622C92F0400C79210 /* TamTests.swift */; };
		8726BB4122C92F2800C79210 /* ToqueTests.swift in Sources */ = {isa = PBXBuildFile; fileRef = 8726BB2322C92F0400C79210 /* ToqueTests.swift */; };
		8726BB4222C92F2800C79210 /* VestTests.swift in Sources */ = {isa = PBXBuildFile; fileRef = 8726BB2022C92F0400C79210 /* VestTests.swift */; };
		873A8CE11D46876800B3B287 /* UserDefaults.swift in Sources */ = {isa = PBXBuildFile; fileRef = 873A8CE01D46876800B3B287 /* UserDefaults.swift */; };
		873E23E822C7E91F006345E6 /* GoogleService-Info.plist in Resources */ = {isa = PBXBuildFile; fileRef = 873E23E622C7E91F006345E6 /* GoogleService-Info.plist */; };
		873F64092247CC4A0090D727 /* AppDelegate.swift in Sources */ = {isa = PBXBuildFile; fileRef = 873F64082247CC4A0090D727 /* AppDelegate.swift */; };
		873F640B2247D5D90090D727 /* AdController.swift in Sources */ = {isa = PBXBuildFile; fileRef = 873F640A2247D5D90090D727 /* AdController.swift */; };
		8763AA711CF2A8DD00E1B003 /* Project.swift in Sources */ = {isa = PBXBuildFile; fileRef = 8763AA701CF2A8DD00E1B003 /* Project.swift */; };
		8763AA731CF2AF3300E1B003 /* Mittens.swift in Sources */ = {isa = PBXBuildFile; fileRef = 8763AA721CF2AF3300E1B003 /* Mittens.swift */; };
		8763AA751CF2B90000E1B003 /* Sweater.swift in Sources */ = {isa = PBXBuildFile; fileRef = 8763AA741CF2B90000E1B003 /* Sweater.swift */; };
		8763AA7F1CF2F6E800E1B003 /* InfoController.swift in Sources */ = {isa = PBXBuildFile; fileRef = 8763AA7E1CF2F6E800E1B003 /* InfoController.swift */; };
		87660B7F1D774AF000975E3B /* KnittingNeedles.swift in Sources */ = {isa = PBXBuildFile; fileRef = 87660B7E1D774AF000975E3B /* KnittingNeedles.swift */; };
		8769C0CB22C7AF6D000C2BCC /* Assets.xcassets in Resources */ = {isa = PBXBuildFile; fileRef = 87DABAA71CE7EBF4009DD3B1 /* Assets.xcassets */; };
		879F0CED248250BE00515AEE /* Free.storyboard in Resources */ = {isa = PBXBuildFile; fileRef = 879F0CEF248250BE00515AEE /* Free.storyboard */; };
		87A23A6B1CED1A4A00E03F1F /* ProjectListController.swift in Sources */ = {isa = PBXBuildFile; fileRef = 87A23A6A1CED1A4A00E03F1F /* ProjectListController.swift */; };
		87A23A6D1CED3E2200E03F1F /* ProjectCell.swift in Sources */ = {isa = PBXBuildFile; fileRef = 87A23A6C1CED3E2200E03F1F /* ProjectCell.swift */; };
		87A902022393372900399A92 /* Assets.xcassets in Resources */ = {isa = PBXBuildFile; fileRef = 87DABAA71CE7EBF4009DD3B1 /* Assets.xcassets */; };
		87A902032393372900399A92 /* LaunchScreen.storyboard in Resources */ = {isa = PBXBuildFile; fileRef = 87DABAA91CE7EBF4009DD3B1 /* LaunchScreen.storyboard */; };
		87A902042393376000399A92 /* Blanket-im.plist in Resources */ = {isa = PBXBuildFile; fileRef = 87EFFA511D6B8A0700AAA422 /* Blanket-im.plist */; };
		87A902052393376000399A92 /* Blanket-si.plist in Resources */ = {isa = PBXBuildFile; fileRef = 87EFFA631D6B8E4200AAA422 /* Blanket-si.plist */; };
		87A902062393376000399A92 /* Gloves-im.plist in Resources */ = {isa = PBXBuildFile; fileRef = 87EFFA521D6B8A0700AAA422 /* Gloves-im.plist */; };
		87A902072393376000399A92 /* Gloves-si.plist in Resources */ = {isa = PBXBuildFile; fileRef = 87EFFA611D6B8DAA00AAA422 /* Gloves-si.plist */; };
		87A902082393376000399A92 /* Mittens-im.plist in Resources */ = {isa = PBXBuildFile; fileRef = 87EFFA711D6B94C700AAA422 /* Mittens-im.plist */; };
		87A902092393376000399A92 /* Mittens-si.plist in Resources */ = {isa = PBXBuildFile; fileRef = 87EFFA4B1D6B8A0700AAA422 /* Mittens-si.plist */; };
		87A9020A2393376000399A92 /* Scarf-im.plist in Resources */ = {isa = PBXBuildFile; fileRef = 87EFFA4C1D6B8A0700AAA422 /* Scarf-im.plist */; };
		87A9020B2393376000399A92 /* Scarf-si.plist in Resources */ = {isa = PBXBuildFile; fileRef = 87EFFA6D1D6B901300AAA422 /* Scarf-si.plist */; };
		87A9020C2393376000399A92 /* Socks-im.plist in Resources */ = {isa = PBXBuildFile; fileRef = 87EFFA4D1D6B8A0700AAA422 /* Socks-im.plist */; };
		87A9020D2393376000399A92 /* Socks-si.plist in Resources */ = {isa = PBXBuildFile; fileRef = 87EFFA6F1D6B94C700AAA422 /* Socks-si.plist */; };
		87A9020E2393376000399A92 /* Sweater-im.plist in Resources */ = {isa = PBXBuildFile; fileRef = 87EFFA5D1D6B8CE600AAA422 /* Sweater-im.plist */; };
		87A9020F2393376000399A92 /* Sweater-si.plist in Resources */ = {isa = PBXBuildFile; fileRef = 87EFFA531D6B8A0700AAA422 /* Sweater-si.plist */; };
		87A902102393376000399A92 /* Tam-im.plist in Resources */ = {isa = PBXBuildFile; fileRef = 87EFFA691D6B8F9100AAA422 /* Tam-im.plist */; };
		87A902112393376000399A92 /* Tam-si.plist in Resources */ = {isa = PBXBuildFile; fileRef = 87EFFA4E1D6B8A0700AAA422 /* Tam-si.plist */; };
		87A902122393376000399A92 /* Toque-im.plist in Resources */ = {isa = PBXBuildFile; fileRef = 87EFFA4F1D6B8A0700AAA422 /* Toque-im.plist */; };
		87A902132393376000399A92 /* Toque-si.plist in Resources */ = {isa = PBXBuildFile; fileRef = 87EFFA701D6B94C700AAA422 /* Toque-si.plist */; };
		87A902142393376000399A92 /* Vest-im.plist in Resources */ = {isa = PBXBuildFile; fileRef = 87EFFA651D6B8EDE00AAA422 /* Vest-im.plist */; };
		87A902152393376000399A92 /* Vest-si.plist in Resources */ = {isa = PBXBuildFile; fileRef = 87EFFA501D6B8A0700AAA422 /* Vest-si.plist */; };
		87A902162393376000399A92 /* Localizable.strings in Resources */ = {isa = PBXBuildFile; fileRef = 87EFFA3E1D67C8FC00AAA422 /* Localizable.strings */; };
		87A902172393376000399A92 /* InfoPlist.strings in Resources */ = {isa = PBXBuildFile; fileRef = 87EFFA481D67C9B800AAA422 /* InfoPlist.strings */; };
		87A902182393377A00399A92 /* Main.storyboard in Resources */ = {isa = PBXBuildFile; fileRef = 87DABAA41CE7EBF4009DD3B1 /* Main.storyboard */; };
		87A9021A2393377A00399A92 /* YarnWeight.plist in Resources */ = {isa = PBXBuildFile; fileRef = 87660B7C1D77424800975E3B /* YarnWeight.plist */; };
		87C8D8B322AD5E7F0074C673 /* ProjectController.swift in Sources */ = {isa = PBXBuildFile; fileRef = 87C8D8B222AD5E7F0074C673 /* ProjectController.swift */; };
		87C8D8B422AD5E7F0074C673 /* ProjectController.swift in Sources */ = {isa = PBXBuildFile; fileRef = 87C8D8B222AD5E7F0074C673 /* ProjectController.swift */; };
		87C8D8B622AD69080074C673 /* DimensionCell.swift in Sources */ = {isa = PBXBuildFile; fileRef = 87C8D8B522AD69080074C673 /* DimensionCell.swift */; };
		87C8D8B722AD69080074C673 /* DimensionCell.swift in Sources */ = {isa = PBXBuildFile; fileRef = 87C8D8B522AD69080074C673 /* DimensionCell.swift */; };
		87C8D8B922AD692E0074C673 /* NameImageCell.swift in Sources */ = {isa = PBXBuildFile; fileRef = 87C8D8B822AD692E0074C673 /* NameImageCell.swift */; };
		87C8D8BA22AD692E0074C673 /* NameImageCell.swift in Sources */ = {isa = PBXBuildFile; fileRef = 87C8D8B822AD692E0074C673 /* NameImageCell.swift */; };
		87C8D8BF22AD91950074C673 /* Dimension.swift in Sources */ = {isa = PBXBuildFile; fileRef = 87C8D8BE22AD91950074C673 /* Dimension.swift */; };
		87C8D8C022AD91950074C673 /* Dimension.swift in Sources */ = {isa = PBXBuildFile; fileRef = 87C8D8BE22AD91950074C673 /* Dimension.swift */; };
		87C8D8C222C2F24F0074C673 /* BallsDimension.swift in Sources */ = {isa = PBXBuildFile; fileRef = 87C8D8C122C2F24F0074C673 /* BallsDimension.swift */; };
		87C8D8C322C2F24F0074C673 /* BallsDimension.swift in Sources */ = {isa = PBXBuildFile; fileRef = 87C8D8C122C2F24F0074C673 /* BallsDimension.swift */; };
		87CF40A022A4B17A005C38D9 /* Main.storyboard in Resources */ = {isa = PBXBuildFile; fileRef = 87DABAA41CE7EBF4009DD3B1 /* Main.storyboard */; };
		87D078EC1D58EB0400DFBC11 /* Colors.swift in Sources */ = {isa = PBXBuildFile; fileRef = 87D078EB1D58EB0400DFBC11 /* Colors.swift */; };
		87DABA9F1CE7EBF4009DD3B1 /* AppDelegate.swift in Sources */ = {isa = PBXBuildFile; fileRef = 87DABA9E1CE7EBF4009DD3B1 /* AppDelegate.swift */; };
		87DABAA31CE7EBF4009DD3B1 /* WeightsController.swift in Sources */ = {isa = PBXBuildFile; fileRef = 87DABAA21CE7EBF4009DD3B1 /* WeightsController.swift */; };
		87DABACF1CE7F7B1009DD3B1 /* WeightCell.swift in Sources */ = {isa = PBXBuildFile; fileRef = 87DABACE1CE7F7B1009DD3B1 /* WeightCell.swift */; };
		87DABAD11CE821D1009DD3B1 /* YarnWeight.swift in Sources */ = {isa = PBXBuildFile; fileRef = 87DABAD01CE821D1009DD3B1 /* YarnWeight.swift */; };
		87E536D31CFBECA100BE9735 /* Scarf.swift in Sources */ = {isa = PBXBuildFile; fileRef = 87E536D21CFBECA100BE9735 /* Scarf.swift */; };
		87E536D71CFBF79E00BE9735 /* Vest.swift in Sources */ = {isa = PBXBuildFile; fileRef = 87E536D61CFBF79E00BE9735 /* Vest.swift */; };
		87E536DB1CFBF9EE00BE9735 /* Hat.swift in Sources */ = {isa = PBXBuildFile; fileRef = 87E536DA1CFBF9EE00BE9735 /* Hat.swift */; };
		87E536DE1CFBFB6E00BE9735 /* Socks.swift in Sources */ = {isa = PBXBuildFile; fileRef = 87E536DD1CFBFB6E00BE9735 /* Socks.swift */; };
		87F4CD0222C7F4080066B7C3 /* XCUIElement.swift in Sources */ = {isa = PBXBuildFile; fileRef = 87A198D71D56717D00A9046E /* XCUIElement.swift */; };
		87F4CD0322C7F4080066B7C3 /* KnittingYarnCalcUITests.swift in Sources */ = {isa = PBXBuildFile; fileRef = 87DABAC01CE7EBF4009DD3B1 /* KnittingYarnCalcUITests.swift */; };
/* End PBXBuildFile section */

/* Begin PBXContainerItemProxy section */
		8726BAF722C92D4200C79210 /* PBXContainerItemProxy */ = {
			isa = PBXContainerItemProxy;
			containerPortal = 87DABA931CE7EBF4009DD3B1 /* Project object */;
			proxyType = 1;
			remoteGlobalIDString = 87DABA9A1CE7EBF4009DD3B1;
			remoteInfo = KnittingYarnCalcPro;
		};
		87F4CCFD22C7F3DC0066B7C3 /* PBXContainerItemProxy */ = {
			isa = PBXContainerItemProxy;
			containerPortal = 87DABA931CE7EBF4009DD3B1 /* Project object */;
			proxyType = 1;
			remoteGlobalIDString = 87DABA9A1CE7EBF4009DD3B1;
			remoteInfo = "Knitting Yarn Calc Pro";
		};
/* End PBXContainerItemProxy section */

/* Begin PBXCopyFilesBuildPhase section */
		8700E7882391FF18001FA66C /* Embed Frameworks */ = {
			isa = PBXCopyFilesBuildPhase;
			buildActionMask = 2147483647;
			dstPath = "";
			dstSubfolderSpec = 10;
			files = (
			);
			name = "Embed Frameworks";
			runOnlyForDeploymentPostprocessing = 0;
		};
/* End PBXCopyFilesBuildPhase section */

/* Begin PBXFileReference section */
		13672F31DFCF8CC609D1A601 /* Pods-KnittingYarnCalc.release.xcconfig */ = {isa = PBXFileReference; includeInIndex = 1; lastKnownFileType = text.xcconfig; name = "Pods-KnittingYarnCalc.release.xcconfig"; path = "Target Support Files/Pods-KnittingYarnCalc/Pods-KnittingYarnCalc.release.xcconfig"; sourceTree = "<group>"; };
		46AE4BBCA9F5EF511EB39F5D /* Pods-KnittingYarnCalcPro.debug.xcconfig */ = {isa = PBXFileReference; includeInIndex = 1; lastKnownFileType = text.xcconfig; name = "Pods-KnittingYarnCalcPro.debug.xcconfig"; path = "Target Support Files/Pods-KnittingYarnCalcPro/Pods-KnittingYarnCalcPro.debug.xcconfig"; sourceTree = "<group>"; };
		8700E7822391FEF2001FA66C /* Pods_KnittingYarnCalcPro.framework */ = {isa = PBXFileReference; explicitFileType = wrapper.framework; path = Pods_KnittingYarnCalcPro.framework; sourceTree = BUILT_PRODUCTS_DIR; };
		87082A89224730B600D0E93C /* KnittingYarnCalc.app */ = {isa = PBXFileReference; explicitFileType = wrapper.application; includeInIndex = 0; path = KnittingYarnCalc.app; sourceTree = BUILT_PRODUCTS_DIR; };
		87082A8A224730B700D0E93C /* KnittingYarnCalcFree-Info.plist */ = {isa = PBXFileReference; lastKnownFileType = text.plist.xml; name = "KnittingYarnCalcFree-Info.plist"; path = "/Users/deb/inqint/YarnRequirements/KnittingYarnCalcFree-Info.plist"; sourceTree = "<absolute>"; };
		871FA46E22C8431F002BCF44 /* PersonalizedAdConsent.framework */ = {isa = PBXFileReference; explicitFileType = wrapper.framework; path = PersonalizedAdConsent.framework; sourceTree = BUILT_PRODUCTS_DIR; };
		8726BAF222C92D4200C79210 /* UnitTests.xctest */ = {isa = PBXFileReference; explicitFileType = wrapper.cfbundle; includeInIndex = 0; path = UnitTests.xctest; sourceTree = BUILT_PRODUCTS_DIR; };
		8726BAF622C92D4200C79210 /* Info.plist */ = {isa = PBXFileReference; lastKnownFileType = text.plist.xml; path = Info.plist; sourceTree = "<group>"; };
		8726BB2022C92F0400C79210 /* VestTests.swift */ = {isa = PBXFileReference; lastKnownFileType = sourcecode.swift; path = VestTests.swift; sourceTree = "<group>"; };
		8726BB2122C92F0400C79210 /* SockTests.swift */ = {isa = PBXFileReference; lastKnownFileType = sourcecode.swift; path = SockTests.swift; sourceTree = "<group>"; };
		8726BB2222C92F0400C79210 /* MittensTests.swift */ = {isa = PBXFileReference; lastKnownFileType = sourcecode.swift; path = MittensTests.swift; sourceTree = "<group>"; };
		8726BB2322C92F0400C79210 /* ToqueTests.swift */ = {isa = PBXFileReference; lastKnownFileType = sourcecode.swift; path = ToqueTests.swift; sourceTree = "<group>"; };
		8726BB2422C92F0400C79210 /* ScarfTests.swift */ = {isa = PBXFileReference; lastKnownFileType = sourcecode.swift; path = ScarfTests.swift; sourceTree = "<group>"; };
		8726BB2522C92F0400C79210 /* Info.plist */ = {isa = PBXFileReference; lastKnownFileType = text.plist.xml; name = Info.plist; path = ../../KnittingYarnCalc/YarnRequirementsTests/Info.plist; sourceTree = "<group>"; };
		8726BB2622C92F0400C79210 /* TamTests.swift */ = {isa = PBXFileReference; lastKnownFileType = sourcecode.swift; path = TamTests.swift; sourceTree = "<group>"; };
		8726BB2722C92F0400C79210 /* SweaterTests.swift */ = {isa = PBXFileReference; lastKnownFileType = sourcecode.swift; path = SweaterTests.swift; sourceTree = "<group>"; };
		8726BB2A22C92F0400C79210 /* lv */ = {isa = PBXFileReference; lastKnownFileType = text.plist.strings; name = lv; path = InfoPlist.strings; sourceTree = "<group>"; };
		8726BB2B22C92F0400C79210 /* GlovesTests.swift */ = {isa = PBXFileReference; lastKnownFileType = sourcecode.swift; path = GlovesTests.swift; sourceTree = "<group>"; };
		8726BB2C22C92F0400C79210 /* PatternInfo.swift */ = {isa = PBXFileReference; lastKnownFileType = sourcecode.swift; path = PatternInfo.swift; sourceTree = "<group>"; };
		8726BB2D22C92F0500C79210 /* BlanketTests.swift */ = {isa = PBXFileReference; lastKnownFileType = sourcecode.swift; path = BlanketTests.swift; sourceTree = "<group>"; };
		873A8CE01D46876800B3B287 /* UserDefaults.swift */ = {isa = PBXFileReference; fileEncoding = 4; lastKnownFileType = sourcecode.swift; path = UserDefaults.swift; sourceTree = "<group>"; };
		873E23E622C7E91F006345E6 /* GoogleService-Info.plist */ = {isa = PBXFileReference; fileEncoding = 4; lastKnownFileType = text.plist.xml; path = "GoogleService-Info.plist"; sourceTree = "<group>"; };
		873F64082247CC4A0090D727 /* AppDelegate.swift */ = {isa = PBXFileReference; fileEncoding = 4; lastKnownFileType = sourcecode.swift; path = AppDelegate.swift; sourceTree = "<group>"; };
		873F640A2247D5D90090D727 /* AdController.swift */ = {isa = PBXFileReference; fileEncoding = 4; lastKnownFileType = sourcecode.swift; path = AdController.swift; sourceTree = "<group>"; };
		8750135922C832410092D8DF /* FirebaseCore.framework */ = {isa = PBXFileReference; explicitFileType = wrapper.framework; path = FirebaseCore.framework; sourceTree = BUILT_PRODUCTS_DIR; };
		8750135B22C832990092D8DF /* GoogleUtilities.framework */ = {isa = PBXFileReference; explicitFileType = wrapper.framework; path = GoogleUtilities.framework; sourceTree = BUILT_PRODUCTS_DIR; };
		8750135D22C832990092D8DF /* nanopb.framework */ = {isa = PBXFileReference; explicitFileType = wrapper.framework; path = nanopb.framework; sourceTree = BUILT_PRODUCTS_DIR; };
		8750A763243B8F3600885D97 /* Default-568h@2x.png */ = {isa = PBXFileReference; lastKnownFileType = image.png; path = "Default-568h@2x.png"; sourceTree = "<group>"; };
		8751890022DA512D00DB8E99 /* PersonalizedAdConsent.framework */ = {isa = PBXFileReference; explicitFileType = wrapper.framework; path = PersonalizedAdConsent.framework; sourceTree = BUILT_PRODUCTS_DIR; };
		8752C6D7239447F000666A24 /* KnittingYarnCalcPro copy-Info.plist */ = {isa = PBXFileReference; lastKnownFileType = text.plist.xml; name = "KnittingYarnCalcPro copy-Info.plist"; path = "/Users/deb/inqint/YarnRequirements/KnittingYarnCalcPro copy-Info.plist"; sourceTree = "<absolute>"; };
		8752C6DB23944C6600666A24 /* Pods_KnittingYarnCalcPro.framework */ = {isa = PBXFileReference; explicitFileType = wrapper.framework; path = Pods_KnittingYarnCalcPro.framework; sourceTree = BUILT_PRODUCTS_DIR; };
		8763AA701CF2A8DD00E1B003 /* Project.swift */ = {isa = PBXFileReference; fileEncoding = 4; lastKnownFileType = sourcecode.swift; path = Project.swift; sourceTree = "<group>"; };
		8763AA721CF2AF3300E1B003 /* Mittens.swift */ = {isa = PBXFileReference; fileEncoding = 4; lastKnownFileType = sourcecode.swift; path = Mittens.swift; sourceTree = "<group>"; };
		8763AA741CF2B90000E1B003 /* Sweater.swift */ = {isa = PBXFileReference; fileEncoding = 4; lastKnownFileType = sourcecode.swift; path = Sweater.swift; sourceTree = "<group>"; };
		8763AA7E1CF2F6E800E1B003 /* InfoController.swift */ = {isa = PBXFileReference; fileEncoding = 4; lastKnownFileType = sourcecode.swift; path = InfoController.swift; sourceTree = "<group>"; };
		87660B7C1D77424800975E3B /* YarnWeight.plist */ = {isa = PBXFileReference; fileEncoding = 4; lastKnownFileType = text.plist.xml; path = YarnWeight.plist; sourceTree = "<group>"; };
		87660B7E1D774AF000975E3B /* KnittingNeedles.swift */ = {isa = PBXFileReference; fileEncoding = 4; lastKnownFileType = sourcecode.swift; path = KnittingNeedles.swift; sourceTree = "<group>"; };
		879F0CE92482449300515AEE /* ru */ = {isa = PBXFileReference; lastKnownFileType = text.plist.strings; name = ru; path = ru.lproj/Main.strings; sourceTree = "<group>"; };
		879F0CEA2482449300515AEE /* ru */ = {isa = PBXFileReference; lastKnownFileType = text.plist.strings; name = ru; path = ru.lproj/LaunchScreen.strings; sourceTree = "<group>"; };
		879F0CEB2482449300515AEE /* ru */ = {isa = PBXFileReference; lastKnownFileType = text.plist.strings; name = ru; path = ru.lproj/Localizable.strings; sourceTree = "<group>"; };
		879F0CEC2482449300515AEE /* ru */ = {isa = PBXFileReference; lastKnownFileType = text.plist.strings; name = ru; path = ru.lproj/InfoPlist.strings; sourceTree = "<group>"; };
		879F0CEE248250BE00515AEE /* Base */ = {isa = PBXFileReference; lastKnownFileType = file.storyboard; name = Base; path = Base.lproj/Free.storyboard; sourceTree = "<group>"; };
		879F0CF1248250CD00515AEE /* en */ = {isa = PBXFileReference; lastKnownFileType = text.plist.strings; name = en; path = en.lproj/Free.strings; sourceTree = "<group>"; };
		879F0CF3248250D600515AEE /* ru */ = {isa = PBXFileReference; lastKnownFileType = text.plist.strings; name = ru; path = ru.lproj/Free.strings; sourceTree = "<group>"; };
		879F0CF5248250D700515AEE /* lv */ = {isa = PBXFileReference; lastKnownFileType = text.plist.strings; name = lv; path = lv.lproj/Free.strings; sourceTree = "<group>"; };
		87A198D71D56717D00A9046E /* XCUIElement.swift */ = {isa = PBXFileReference; fileEncoding = 4; lastKnownFileType = sourcecode.swift; path = XCUIElement.swift; sourceTree = "<group>"; };
		87A23A6A1CED1A4A00E03F1F /* ProjectListController.swift */ = {isa = PBXFileReference; fileEncoding = 4; lastKnownFileType = sourcecode.swift; path = ProjectListController.swift; sourceTree = "<group>"; };
		87A23A6C1CED3E2200E03F1F /* ProjectCell.swift */ = {isa = PBXFileReference; fileEncoding = 4; lastKnownFileType = sourcecode.swift; path = ProjectCell.swift; sourceTree = "<group>"; };
		87C8D8B222AD5E7F0074C673 /* ProjectController.swift */ = {isa = PBXFileReference; lastKnownFileType = sourcecode.swift; path = ProjectController.swift; sourceTree = "<group>"; };
		87C8D8B522AD69080074C673 /* DimensionCell.swift */ = {isa = PBXFileReference; lastKnownFileType = sourcecode.swift; path = DimensionCell.swift; sourceTree = "<group>"; };
		87C8D8B822AD692E0074C673 /* NameImageCell.swift */ = {isa = PBXFileReference; lastKnownFileType = sourcecode.swift; path = NameImageCell.swift; sourceTree = "<group>"; };
		87C8D8BE22AD91950074C673 /* Dimension.swift */ = {isa = PBXFileReference; lastKnownFileType = sourcecode.swift; path = Dimension.swift; sourceTree = "<group>"; };
		87C8D8C122C2F24F0074C673 /* BallsDimension.swift */ = {isa = PBXFileReference; lastKnownFileType = sourcecode.swift; path = BallsDimension.swift; sourceTree = "<group>"; };
		87D078EB1D58EB0400DFBC11 /* Colors.swift */ = {isa = PBXFileReference; fileEncoding = 4; lastKnownFileType = sourcecode.swift; path = Colors.swift; sourceTree = "<group>"; };
		87DABA9B1CE7EBF4009DD3B1 /* KnittingYarnCalcPro.app */ = {isa = PBXFileReference; explicitFileType = wrapper.application; includeInIndex = 0; path = KnittingYarnCalcPro.app; sourceTree = BUILT_PRODUCTS_DIR; };
		87DABA9E1CE7EBF4009DD3B1 /* AppDelegate.swift */ = {isa = PBXFileReference; lastKnownFileType = sourcecode.swift; path = AppDelegate.swift; sourceTree = "<group>"; };
		87DABAA21CE7EBF4009DD3B1 /* WeightsController.swift */ = {isa = PBXFileReference; lastKnownFileType = sourcecode.swift; path = WeightsController.swift; sourceTree = "<group>"; };
		87DABAA51CE7EBF4009DD3B1 /* Base */ = {isa = PBXFileReference; lastKnownFileType = file.storyboard; name = Base; path = Base.lproj/Main.storyboard; sourceTree = "<group>"; };
		87DABAA71CE7EBF4009DD3B1 /* Assets.xcassets */ = {isa = PBXFileReference; lastKnownFileType = folder.assetcatalog; path = Assets.xcassets; sourceTree = "<group>"; };
		87DABAAA1CE7EBF4009DD3B1 /* Base */ = {isa = PBXFileReference; lastKnownFileType = file.storyboard; name = Base; path = Base.lproj/LaunchScreen.storyboard; sourceTree = "<group>"; };
		87DABAAC1CE7EBF4009DD3B1 /* Info.plist */ = {isa = PBXFileReference; lastKnownFileType = text.plist.xml; path = Info.plist; sourceTree = "<group>"; };
		87DABAC01CE7EBF4009DD3B1 /* KnittingYarnCalcUITests.swift */ = {isa = PBXFileReference; lastKnownFileType = sourcecode.swift; path = KnittingYarnCalcUITests.swift; sourceTree = "<group>"; };
		87DABAC21CE7EBF4009DD3B1 /* Info.plist */ = {isa = PBXFileReference; lastKnownFileType = text.plist.xml; path = Info.plist; sourceTree = "<group>"; };
		87DABACE1CE7F7B1009DD3B1 /* WeightCell.swift */ = {isa = PBXFileReference; fileEncoding = 4; lastKnownFileType = sourcecode.swift; path = WeightCell.swift; sourceTree = "<group>"; };
		87DABAD01CE821D1009DD3B1 /* YarnWeight.swift */ = {isa = PBXFileReference; fileEncoding = 4; lastKnownFileType = sourcecode.swift; path = YarnWeight.swift; sourceTree = "<group>"; };
		87DD14B922C92516004C4CC8 /* PersonalizedAdConsent.framework */ = {isa = PBXFileReference; explicitFileType = wrapper.framework; path = PersonalizedAdConsent.framework; sourceTree = BUILT_PRODUCTS_DIR; };
		87E536D21CFBECA100BE9735 /* Scarf.swift */ = {isa = PBXFileReference; fileEncoding = 4; lastKnownFileType = sourcecode.swift; path = Scarf.swift; sourceTree = "<group>"; };
		87E536D61CFBF79E00BE9735 /* Vest.swift */ = {isa = PBXFileReference; fileEncoding = 4; lastKnownFileType = sourcecode.swift; path = Vest.swift; sourceTree = "<group>"; };
		87E536DA1CFBF9EE00BE9735 /* Hat.swift */ = {isa = PBXFileReference; fileEncoding = 4; lastKnownFileType = sourcecode.swift; path = Hat.swift; sourceTree = "<group>"; };
		87E536DD1CFBFB6E00BE9735 /* Socks.swift */ = {isa = PBXFileReference; fileEncoding = 4; lastKnownFileType = sourcecode.swift; path = Socks.swift; sourceTree = "<group>"; };
		87EFFA3D1D67C8FC00AAA422 /* Base */ = {isa = PBXFileReference; lastKnownFileType = text.plist.strings; name = Base; path = Base.lproj/Localizable.strings; sourceTree = "<group>"; };
		87EFFA471D67C9B800AAA422 /* Base */ = {isa = PBXFileReference; lastKnownFileType = text.plist.strings; name = Base; path = Base.lproj/InfoPlist.strings; sourceTree = "<group>"; };
		87EFFA4B1D6B8A0700AAA422 /* Mittens-si.plist */ = {isa = PBXFileReference; fileEncoding = 4; lastKnownFileType = text.plist.xml; name = "Mittens-si.plist"; path = "Localizations/Mittens-si.plist"; sourceTree = "<group>"; };
		87EFFA4C1D6B8A0700AAA422 /* Scarf-im.plist */ = {isa = PBXFileReference; fileEncoding = 4; lastKnownFileType = text.plist.xml; name = "Scarf-im.plist"; path = "Localizations/Scarf-im.plist"; sourceTree = "<group>"; };
		87EFFA4D1D6B8A0700AAA422 /* Socks-im.plist */ = {isa = PBXFileReference; fileEncoding = 4; lastKnownFileType = text.plist.xml; name = "Socks-im.plist"; path = "Localizations/Socks-im.plist"; sourceTree = "<group>"; };
		87EFFA4E1D6B8A0700AAA422 /* Tam-si.plist */ = {isa = PBXFileReference; fileEncoding = 4; lastKnownFileType = text.plist.xml; name = "Tam-si.plist"; path = "Localizations/Tam-si.plist"; sourceTree = "<group>"; };
		87EFFA4F1D6B8A0700AAA422 /* Toque-im.plist */ = {isa = PBXFileReference; fileEncoding = 4; lastKnownFileType = text.plist.xml; name = "Toque-im.plist"; path = "Localizations/Toque-im.plist"; sourceTree = "<group>"; };
		87EFFA501D6B8A0700AAA422 /* Vest-si.plist */ = {isa = PBXFileReference; fileEncoding = 4; lastKnownFileType = text.plist.xml; name = "Vest-si.plist"; path = "Localizations/Vest-si.plist"; sourceTree = "<group>"; };
		87EFFA511D6B8A0700AAA422 /* Blanket-im.plist */ = {isa = PBXFileReference; fileEncoding = 4; lastKnownFileType = text.plist.xml; name = "Blanket-im.plist"; path = "Localizations/Blanket-im.plist"; sourceTree = "<group>"; };
		87EFFA521D6B8A0700AAA422 /* Gloves-im.plist */ = {isa = PBXFileReference; fileEncoding = 4; lastKnownFileType = text.plist.xml; name = "Gloves-im.plist"; path = "Localizations/Gloves-im.plist"; sourceTree = "<group>"; };
		87EFFA531D6B8A0700AAA422 /* Sweater-si.plist */ = {isa = PBXFileReference; fileEncoding = 4; lastKnownFileType = text.plist.xml; name = "Sweater-si.plist"; path = "Localizations/Sweater-si.plist"; sourceTree = "<group>"; };
		87EFFA5D1D6B8CE600AAA422 /* Sweater-im.plist */ = {isa = PBXFileReference; fileEncoding = 4; lastKnownFileType = text.plist.xml; name = "Sweater-im.plist"; path = "Localizations/Sweater-im.plist"; sourceTree = "<group>"; };
		87EFFA611D6B8DAA00AAA422 /* Gloves-si.plist */ = {isa = PBXFileReference; fileEncoding = 4; lastKnownFileType = text.plist.xml; name = "Gloves-si.plist"; path = "Localizations/Gloves-si.plist"; sourceTree = "<group>"; };
		87EFFA631D6B8E4200AAA422 /* Blanket-si.plist */ = {isa = PBXFileReference; fileEncoding = 4; lastKnownFileType = text.plist.xml; path = "Blanket-si.plist"; sourceTree = "<group>"; };
		87EFFA651D6B8EDE00AAA422 /* Vest-im.plist */ = {isa = PBXFileReference; fileEncoding = 4; lastKnownFileType = text.plist.xml; name = "Vest-im.plist"; path = "Localizations/Vest-im.plist"; sourceTree = "<group>"; };
		87EFFA691D6B8F9100AAA422 /* Tam-im.plist */ = {isa = PBXFileReference; fileEncoding = 4; lastKnownFileType = text.plist.xml; name = "Tam-im.plist"; path = "Localizations/Tam-im.plist"; sourceTree = "<group>"; };
		87EFFA6D1D6B901300AAA422 /* Scarf-si.plist */ = {isa = PBXFileReference; fileEncoding = 4; lastKnownFileType = text.plist.xml; name = "Scarf-si.plist"; path = "Localizations/Scarf-si.plist"; sourceTree = "<group>"; };
		87EFFA6F1D6B94C700AAA422 /* Socks-si.plist */ = {isa = PBXFileReference; fileEncoding = 4; lastKnownFileType = text.plist.xml; name = "Socks-si.plist"; path = "Localizations/Socks-si.plist"; sourceTree = "<group>"; };
		87EFFA701D6B94C700AAA422 /* Toque-si.plist */ = {isa = PBXFileReference; fileEncoding = 4; lastKnownFileType = text.plist.xml; name = "Toque-si.plist"; path = "Localizations/Toque-si.plist"; sourceTree = "<group>"; };
		87EFFA711D6B94C700AAA422 /* Mittens-im.plist */ = {isa = PBXFileReference; fileEncoding = 4; lastKnownFileType = text.plist.xml; name = "Mittens-im.plist"; path = "Localizations/Mittens-im.plist"; sourceTree = "<group>"; };
		87EFFB081D711BA800AAA422 /* lv */ = {isa = PBXFileReference; lastKnownFileType = text.plist.strings; name = lv; path = lv.lproj/Main.strings; sourceTree = "<group>"; };
		87EFFB091D711BA800AAA422 /* lv */ = {isa = PBXFileReference; lastKnownFileType = text.plist.strings; name = lv; path = lv.lproj/Localizable.strings; sourceTree = "<group>"; };
		87EFFB0A1D711BA800AAA422 /* lv */ = {isa = PBXFileReference; lastKnownFileType = text.plist.strings; name = lv; path = lv.lproj/InfoPlist.strings; sourceTree = "<group>"; };
		87EFFB0E1D711BD600AAA422 /* lv */ = {isa = PBXFileReference; lastKnownFileType = text.plist.strings; name = lv; path = lv.lproj/InfoPlist.strings; sourceTree = "<group>"; };
		87EFFB151D711BD700AAA422 /* lv */ = {isa = PBXFileReference; lastKnownFileType = text.plist.strings; name = lv; path = lv.lproj/LaunchScreen.strings; sourceTree = "<group>"; };
		87F4CCF822C7F3DC0066B7C3 /* KnittingYarnCalcUITests.xctest */ = {isa = PBXFileReference; explicitFileType = wrapper.cfbundle; includeInIndex = 0; path = KnittingYarnCalcUITests.xctest; sourceTree = BUILT_PRODUCTS_DIR; };
		87F4CCFC22C7F3DC0066B7C3 /* Info.plist */ = {isa = PBXFileReference; lastKnownFileType = text.plist.xml; path = Info.plist; sourceTree = "<group>"; };
		9742751D2073AEFE4AD8813A /* Pods_KnittingYarnCalcPro.framework */ = {isa = PBXFileReference; explicitFileType = wrapper.framework; includeInIndex = 0; path = Pods_KnittingYarnCalcPro.framework; sourceTree = BUILT_PRODUCTS_DIR; };
		979E8A46C85CC9930F121975 /* Pods-KnittingYarnCalc.debug.xcconfig */ = {isa = PBXFileReference; includeInIndex = 1; lastKnownFileType = text.xcconfig; name = "Pods-KnittingYarnCalc.debug.xcconfig"; path = "Target Support Files/Pods-KnittingYarnCalc/Pods-KnittingYarnCalc.debug.xcconfig"; sourceTree = "<group>"; };
		CFB5448BB4F8C5F93F0CA7FF /* Pods_KnittingYarnCalc.framework */ = {isa = PBXFileReference; explicitFileType = wrapper.framework; includeInIndex = 0; path = Pods_KnittingYarnCalc.framework; sourceTree = BUILT_PRODUCTS_DIR; };
		D7729DF31C0C76AAB2A1E091 /* Pods-KnittingYarnCalcPro.release.xcconfig */ = {isa = PBXFileReference; includeInIndex = 1; lastKnownFileType = text.xcconfig; name = "Pods-KnittingYarnCalcPro.release.xcconfig"; path = "Target Support Files/Pods-KnittingYarnCalcPro/Pods-KnittingYarnCalcPro.release.xcconfig"; sourceTree = "<group>"; };
/* End PBXFileReference section */

/* Begin PBXFrameworksBuildPhase section */
		87082A69224730B600D0E93C /* Frameworks */ = {
			isa = PBXFrameworksBuildPhase;
			buildActionMask = 2147483647;
			files = (
				55882010E0B544B000FC40E7 /* Pods_KnittingYarnCalc.framework in Frameworks */,
			);
			runOnlyForDeploymentPostprocessing = 0;
		};
		8726BAEF22C92D4200C79210 /* Frameworks */ = {
			isa = PBXFrameworksBuildPhase;
			buildActionMask = 2147483647;
			files = (
			);
			runOnlyForDeploymentPostprocessing = 0;
		};
		87DABA981CE7EBF4009DD3B1 /* Frameworks */ = {
			isa = PBXFrameworksBuildPhase;
			buildActionMask = 2147483647;
			files = (
			);
			runOnlyForDeploymentPostprocessing = 0;
		};
		87F4CCF522C7F3DC0066B7C3 /* Frameworks */ = {
			isa = PBXFrameworksBuildPhase;
			buildActionMask = 2147483647;
			files = (
			);
			runOnlyForDeploymentPostprocessing = 0;
		};
/* End PBXFrameworksBuildPhase section */

/* Begin PBXGroup section */
		18F31DD68DD659B225540344 /* Frameworks */ = {
			isa = PBXGroup;
			children = (
				8752C6DB23944C6600666A24 /* Pods_KnittingYarnCalcPro.framework */,
				8751890022DA512D00DB8E99 /* PersonalizedAdConsent.framework */,
				87DD14B922C92516004C4CC8 /* PersonalizedAdConsent.framework */,
				871FA46E22C8431F002BCF44 /* PersonalizedAdConsent.framework */,
				8750135B22C832990092D8DF /* GoogleUtilities.framework */,
				8750135D22C832990092D8DF /* nanopb.framework */,
				8750135922C832410092D8DF /* FirebaseCore.framework */,
				CFB5448BB4F8C5F93F0CA7FF /* Pods_KnittingYarnCalc.framework */,
				9742751D2073AEFE4AD8813A /* Pods_KnittingYarnCalcPro.framework */,
			);
			name = Frameworks;
			sourceTree = "<group>";
		};
		8726BAF322C92D4200C79210 /* UnitTests */ = {
			isa = PBXGroup;
			children = (
				8726BB2D22C92F0500C79210 /* BlanketTests.swift */,
				8726BB2E22C92F0500C79210 /* fr.lproj */,
				8726BB2B22C92F0400C79210 /* GlovesTests.swift */,
				8726BB2522C92F0400C79210 /* Info.plist */,
				8726BB2822C92F0400C79210 /* lv.lproj */,
				8726BB2222C92F0400C79210 /* MittensTests.swift */,
				8726BB2C22C92F0400C79210 /* PatternInfo.swift */,
				8726BB2422C92F0400C79210 /* ScarfTests.swift */,
				8726BB2122C92F0400C79210 /* SockTests.swift */,
				8726BB2722C92F0400C79210 /* SweaterTests.swift */,
				8726BB2622C92F0400C79210 /* TamTests.swift */,
				8726BB2322C92F0400C79210 /* ToqueTests.swift */,
				8726BB2022C92F0400C79210 /* VestTests.swift */,
				8726BAF622C92D4200C79210 /* Info.plist */,
			);
			path = UnitTests;
			sourceTree = "<group>";
		};
		8726BB2822C92F0400C79210 /* lv.lproj */ = {
			isa = PBXGroup;
			children = (
				8726BB2922C92F0400C79210 /* InfoPlist.strings */,
			);
			path = lv.lproj;
			sourceTree = "<group>";
		};
		8726BB2E22C92F0500C79210 /* fr.lproj */ = {
			isa = PBXGroup;
			children = (
			);
			path = fr.lproj;
			sourceTree = "<group>";
		};
		873F64072247CC020090D727 /* KnittingYarnCalcFree */ = {
			isa = PBXGroup;
			children = (
				873E23E622C7E91F006345E6 /* GoogleService-Info.plist */,
				879F0CEF248250BE00515AEE /* Free.storyboard */,
				873F640A2247D5D90090D727 /* AdController.swift */,
				873F64082247CC4A0090D727 /* AppDelegate.swift */,
			);
			path = KnittingYarnCalcFree;
			sourceTree = "<group>";
		};
		8788D2E61CFF8D4100432759 /* Project Controllers */ = {
			isa = PBXGroup;
			children = (
				87C8D8B222AD5E7F0074C673 /* ProjectController.swift */,
				87C8D8B522AD69080074C673 /* DimensionCell.swift */,
				87C8D8B822AD692E0074C673 /* NameImageCell.swift */,
				87C8D8BE22AD91950074C673 /* Dimension.swift */,
				87C8D8C122C2F24F0074C673 /* BallsDimension.swift */,
			);
			name = "Project Controllers";
			sourceTree = "<group>";
		};
		8791477E1D0CB5A400DE5B94 /* Resources */ = {
			isa = PBXGroup;
			children = (
				87DABAA71CE7EBF4009DD3B1 /* Assets.xcassets */,
				87DABAA91CE7EBF4009DD3B1 /* LaunchScreen.storyboard */,
				87DABAAC1CE7EBF4009DD3B1 /* Info.plist */,
				87660B7C1D77424800975E3B /* YarnWeight.plist */,
			);
			name = Resources;
			sourceTree = "<group>";
		};
		87DABA921CE7EBF4009DD3B1 = {
			isa = PBXGroup;
			children = (
				8750A763243B8F3600885D97 /* Default-568h@2x.png */,
				87DABA9D1CE7EBF4009DD3B1 /* KnittingYarnCalcPro */,
				873F64072247CC020090D727 /* KnittingYarnCalcFree */,
				87F4CCF922C7F3DC0066B7C3 /* KnittingYarnCalcUITests */,
				8726BAF322C92D4200C79210 /* UnitTests */,
				87DABA9C1CE7EBF4009DD3B1 /* Products */,
				87082A8A224730B700D0E93C /* KnittingYarnCalcFree-Info.plist */,
				EEE4B5BBF66A6FDFF6282E0F /* Pods */,
				18F31DD68DD659B225540344 /* Frameworks */,
				87E9515523935A5400ADA1CD /* Recovered References */,
				8752C6D7239447F000666A24 /* KnittingYarnCalcPro copy-Info.plist */,
			);
			sourceTree = "<group>";
		};
		87DABA9C1CE7EBF4009DD3B1 /* Products */ = {
			isa = PBXGroup;
			children = (
				87DABA9B1CE7EBF4009DD3B1 /* KnittingYarnCalcPro.app */,
				87082A89224730B600D0E93C /* KnittingYarnCalc.app */,
				87F4CCF822C7F3DC0066B7C3 /* KnittingYarnCalcUITests.xctest */,
				8726BAF222C92D4200C79210 /* UnitTests.xctest */,
			);
			name = Products;
			sourceTree = "<group>";
		};
		87DABA9D1CE7EBF4009DD3B1 /* KnittingYarnCalcPro */ = {
			isa = PBXGroup;
			children = (
				87DABA9E1CE7EBF4009DD3B1 /* AppDelegate.swift */,
				87DABAA41CE7EBF4009DD3B1 /* Main.storyboard */,
				8791477E1D0CB5A400DE5B94 /* Resources */,
				87DABAA21CE7EBF4009DD3B1 /* WeightsController.swift */,
				87DABACE1CE7F7B1009DD3B1 /* WeightCell.swift */,
				87DABAD01CE821D1009DD3B1 /* YarnWeight.swift */,
				87660B7E1D774AF000975E3B /* KnittingNeedles.swift */,
				87A23A6A1CED1A4A00E03F1F /* ProjectListController.swift */,
				87A23A6C1CED3E2200E03F1F /* ProjectCell.swift */,
				87E536DC1CFBFB4B00BE9735 /* Projects */,
				8788D2E61CFF8D4100432759 /* Project Controllers */,
				8763AA7E1CF2F6E800E1B003 /* InfoController.swift */,
				87D078EB1D58EB0400DFBC11 /* Colors.swift */,
				87EFFA3B1D67C8A100AAA422 /* Localizations */,
			);
			path = KnittingYarnCalcPro;
			sourceTree = "<group>";
		};
		87E536DC1CFBFB4B00BE9735 /* Projects */ = {
			isa = PBXGroup;
			children = (
				8763AA701CF2A8DD00E1B003 /* Project.swift */,
				8763AA721CF2AF3300E1B003 /* Mittens.swift */,
				87E536DA1CFBF9EE00BE9735 /* Hat.swift */,
				8763AA741CF2B90000E1B003 /* Sweater.swift */,
				87E536D21CFBECA100BE9735 /* Scarf.swift */,
				87E536D61CFBF79E00BE9735 /* Vest.swift */,
				87E536DD1CFBFB6E00BE9735 /* Socks.swift */,
				873A8CE01D46876800B3B287 /* UserDefaults.swift */,
			);
			name = Projects;
			sourceTree = "<group>";
		};
		87E9515523935A5400ADA1CD /* Recovered References */ = {
			isa = PBXGroup;
			children = (
				8700E7822391FEF2001FA66C /* Pods_KnittingYarnCalcPro.framework */,
			);
			name = "Recovered References";
			sourceTree = "<group>";
		};
		87EFFA3B1D67C8A100AAA422 /* Localizations */ = {
			isa = PBXGroup;
			children = (
				87EFFA511D6B8A0700AAA422 /* Blanket-im.plist */,
				87EFFA631D6B8E4200AAA422 /* Blanket-si.plist */,
				87EFFA521D6B8A0700AAA422 /* Gloves-im.plist */,
				87EFFA611D6B8DAA00AAA422 /* Gloves-si.plist */,
				87EFFA711D6B94C700AAA422 /* Mittens-im.plist */,
				87EFFA4B1D6B8A0700AAA422 /* Mittens-si.plist */,
				87EFFA4C1D6B8A0700AAA422 /* Scarf-im.plist */,
				87EFFA6D1D6B901300AAA422 /* Scarf-si.plist */,
				87EFFA4D1D6B8A0700AAA422 /* Socks-im.plist */,
				87EFFA6F1D6B94C700AAA422 /* Socks-si.plist */,
				87EFFA5D1D6B8CE600AAA422 /* Sweater-im.plist */,
				87EFFA531D6B8A0700AAA422 /* Sweater-si.plist */,
				87EFFA691D6B8F9100AAA422 /* Tam-im.plist */,
				87EFFA4E1D6B8A0700AAA422 /* Tam-si.plist */,
				87EFFA4F1D6B8A0700AAA422 /* Toque-im.plist */,
				87EFFA701D6B94C700AAA422 /* Toque-si.plist */,
				87EFFA651D6B8EDE00AAA422 /* Vest-im.plist */,
				87EFFA501D6B8A0700AAA422 /* Vest-si.plist */,
				87EFFA3E1D67C8FC00AAA422 /* Localizable.strings */,
				87EFFA481D67C9B800AAA422 /* InfoPlist.strings */,
			);
			name = Localizations;
			sourceTree = "<group>";
		};
		87F4CCF922C7F3DC0066B7C3 /* KnittingYarnCalcUITests */ = {
			isa = PBXGroup;
			children = (
				87EFFB0F1D711BD600AAA422 /* InfoPlist.strings */,
				87DABAC01CE7EBF4009DD3B1 /* KnittingYarnCalcUITests.swift */,
				87DABAC21CE7EBF4009DD3B1 /* Info.plist */,
				87A198D71D56717D00A9046E /* XCUIElement.swift */,
				87F4CCFC22C7F3DC0066B7C3 /* Info.plist */,
			);
			path = KnittingYarnCalcUITests;
			sourceTree = "<group>";
		};
		EEE4B5BBF66A6FDFF6282E0F /* Pods */ = {
			isa = PBXGroup;
			children = (
				979E8A46C85CC9930F121975 /* Pods-KnittingYarnCalc.debug.xcconfig */,
				13672F31DFCF8CC609D1A601 /* Pods-KnittingYarnCalc.release.xcconfig */,
				46AE4BBCA9F5EF511EB39F5D /* Pods-KnittingYarnCalcPro.debug.xcconfig */,
				D7729DF31C0C76AAB2A1E091 /* Pods-KnittingYarnCalcPro.release.xcconfig */,
			);
			path = Pods;
			sourceTree = "<group>";
		};
/* End PBXGroup section */

/* Begin PBXNativeTarget section */
		87082A49224730B600D0E93C /* KnittingYarnCalc */ = {
			isa = PBXNativeTarget;
			buildConfigurationList = 87082A84224730B600D0E93C /* Build configuration list for PBXNativeTarget "KnittingYarnCalc" */;
			buildPhases = (
				A8E626BE4786128ACD47457F /* [CP] Check Pods Manifest.lock */,
				87082A4A224730B600D0E93C /* Sources */,
				87082A69224730B600D0E93C /* Frameworks */,
				87082A6A224730B600D0E93C /* Resources */,
				8700E7882391FF18001FA66C /* Embed Frameworks */,
				419D9678638CE692067EB2AE /* [CP] Embed Pods Frameworks */,
			);
			buildRules = (
			);
			dependencies = (
			);
			name = KnittingYarnCalc;
			productName = YarnRequirements;
			productReference = 87082A89224730B600D0E93C /* KnittingYarnCalc.app */;
			productType = "com.apple.product-type.application";
		};
		8726BAF122C92D4200C79210 /* UnitTests */ = {
			isa = PBXNativeTarget;
			buildConfigurationList = 8726BAFB22C92D4200C79210 /* Build configuration list for PBXNativeTarget "UnitTests" */;
			buildPhases = (
				8726BAEE22C92D4200C79210 /* Sources */,
				8726BAEF22C92D4200C79210 /* Frameworks */,
				8726BAF022C92D4200C79210 /* Resources */,
			);
			buildRules = (
			);
			dependencies = (
				8726BAF822C92D4200C79210 /* PBXTargetDependency */,
			);
			name = UnitTests;
			productName = UnitTests;
			productReference = 8726BAF222C92D4200C79210 /* UnitTests.xctest */;
			productType = "com.apple.product-type.bundle.unit-test";
		};
		87DABA9A1CE7EBF4009DD3B1 /* KnittingYarnCalcPro */ = {
			isa = PBXNativeTarget;
			buildConfigurationList = 87DABAC51CE7EBF4009DD3B1 /* Build configuration list for PBXNativeTarget "KnittingYarnCalcPro" */;
			buildPhases = (
				2525203354B92E7B159BD3CE /* [CP] Check Pods Manifest.lock */,
				87DABA971CE7EBF4009DD3B1 /* Sources */,
				87DABA981CE7EBF4009DD3B1 /* Frameworks */,
				87DABA991CE7EBF4009DD3B1 /* Resources */,
			);
			buildRules = (
			);
			dependencies = (
			);
			name = KnittingYarnCalcPro;
			productName = YarnRequirements;
			productReference = 87DABA9B1CE7EBF4009DD3B1 /* KnittingYarnCalcPro.app */;
			productType = "com.apple.product-type.application";
		};
		87F4CCF722C7F3DC0066B7C3 /* KnittingYarnCalcUITests */ = {
			isa = PBXNativeTarget;
			buildConfigurationList = 87F4CCFF22C7F3DC0066B7C3 /* Build configuration list for PBXNativeTarget "KnittingYarnCalcUITests" */;
			buildPhases = (
				87F4CCF422C7F3DC0066B7C3 /* Sources */,
				87F4CCF522C7F3DC0066B7C3 /* Frameworks */,
				87F4CCF622C7F3DC0066B7C3 /* Resources */,
			);
			buildRules = (
			);
			dependencies = (
				87F4CCFE22C7F3DC0066B7C3 /* PBXTargetDependency */,
			);
			name = KnittingYarnCalcUITests;
			productName = KnittingYarnCalcUITests;
			productReference = 87F4CCF822C7F3DC0066B7C3 /* KnittingYarnCalcUITests.xctest */;
			productType = "com.apple.product-type.bundle.ui-testing";
		};
/* End PBXNativeTarget section */

/* Begin PBXProject section */
		87DABA931CE7EBF4009DD3B1 /* Project object */ = {
			isa = PBXProject;
			attributes = {
				DefaultBuildSystemTypeForWorkspace = Original;
				LastSwiftUpdateCheck = 1020;
				LastUpgradeCheck = 1120;
				ORGANIZATIONNAME = "The Inquisitive Introvert";
				TargetAttributes = {
					87082A49224730B600D0E93C = {
						DevelopmentTeam = XZ8NRDZGBL;
						LastSwiftMigration = 1020;
					};
					8726BAF122C92D4200C79210 = {
						CreatedOnToolsVersion = 10.2.1;
						DevelopmentTeam = XZ8NRDZGBL;
						ProvisioningStyle = Automatic;
						TestTargetID = 87DABA9A1CE7EBF4009DD3B1;
					};
					87DABA9A1CE7EBF4009DD3B1 = {
						CreatedOnToolsVersion = 7.3.1;
						DevelopmentTeam = XZ8NRDZGBL;
						LastSwiftMigration = 1120;
					};
					87F4CCF722C7F3DC0066B7C3 = {
						CreatedOnToolsVersion = 10.2.1;
						DevelopmentTeam = XZ8NRDZGBL;
						ProvisioningStyle = Automatic;
						TestTargetID = 87DABA9A1CE7EBF4009DD3B1;
					};
				};
			};
			buildConfigurationList = 87DABA961CE7EBF4009DD3B1 /* Build configuration list for PBXProject "KnittingYarnCalc" */;
			compatibilityVersion = "Xcode 3.2";
			developmentRegion = en;
			hasScannedForEncodings = 0;
			knownRegions = (
				en,
				Base,
				lv,
				ru,
			);
			mainGroup = 87DABA921CE7EBF4009DD3B1;
			productRefGroup = 87DABA9C1CE7EBF4009DD3B1 /* Products */;
			projectDirPath = "";
			projectRoot = "";
			targets = (
				87DABA9A1CE7EBF4009DD3B1 /* KnittingYarnCalcPro */,
				87082A49224730B600D0E93C /* KnittingYarnCalc */,
				87F4CCF722C7F3DC0066B7C3 /* KnittingYarnCalcUITests */,
				8726BAF122C92D4200C79210 /* UnitTests */,
			);
		};
/* End PBXProject section */

/* Begin PBXResourcesBuildPhase section */
		87082A6A224730B600D0E93C /* Resources */ = {
			isa = PBXResourcesBuildPhase;
			buildActionMask = 2147483647;
			files = (
				87082A6B224730B600D0E93C /* Scarf-si.plist in Resources */,
				87082A6C224730B600D0E93C /* Mittens-si.plist in Resources */,
				879F0CED248250BE00515AEE /* Free.storyboard in Resources */,
				87082A6D224730B600D0E93C /* Blanket-si.plist in Resources */,
				87082A6E224730B600D0E93C /* LaunchScreen.storyboard in Resources */,
				87082A6F224730B600D0E93C /* InfoPlist.strings in Resources */,
				8769C0CB22C7AF6D000C2BCC /* Assets.xcassets in Resources */,
				87082A70224730B600D0E93C /* Gloves-si.plist in Resources */,
				87CF40A022A4B17A005C38D9 /* Main.storyboard in Resources */,
				87082A71224730B600D0E93C /* Scarf-im.plist in Resources */,
				87082A72224730B600D0E93C /* Socks-im.plist in Resources */,
				873E23E822C7E91F006345E6 /* GoogleService-Info.plist in Resources */,
				87082A73224730B600D0E93C /* Vest-si.plist in Resources */,
				87082A75224730B600D0E93C /* Sweater-im.plist in Resources */,
				87082A76224730B600D0E93C /* Tam-im.plist in Resources */,
				87082A77224730B600D0E93C /* YarnWeight.plist in Resources */,
				87082A78224730B600D0E93C /* Toque-im.plist in Resources */,
				87082A79224730B600D0E93C /* Blanket-im.plist in Resources */,
				87082A7A224730B600D0E93C /* Sweater-si.plist in Resources */,
				87082A7B224730B600D0E93C /* Vest-im.plist in Resources */,
				87082A7D224730B600D0E93C /* Localizable.strings in Resources */,
				87082A7E224730B600D0E93C /* Socks-si.plist in Resources */,
				87082A7F224730B600D0E93C /* Tam-si.plist in Resources */,
				87082A81224730B600D0E93C /* Toque-si.plist in Resources */,
				87082A82224730B600D0E93C /* Gloves-im.plist in Resources */,
				87082A83224730B600D0E93C /* Mittens-im.plist in Resources */,
			);
			runOnlyForDeploymentPostprocessing = 0;
		};
		8726BAF022C92D4200C79210 /* Resources */ = {
			isa = PBXResourcesBuildPhase;
			buildActionMask = 2147483647;
			files = (
			);
			runOnlyForDeploymentPostprocessing = 0;
		};
		87DABA991CE7EBF4009DD3B1 /* Resources */ = {
			isa = PBXResourcesBuildPhase;
			buildActionMask = 2147483647;
			files = (
				87A902182393377A00399A92 /* Main.storyboard in Resources */,
				87A9021A2393377A00399A92 /* YarnWeight.plist in Resources */,
				87A902042393376000399A92 /* Blanket-im.plist in Resources */,
				87A902052393376000399A92 /* Blanket-si.plist in Resources */,
				87A902062393376000399A92 /* Gloves-im.plist in Resources */,
				87A902072393376000399A92 /* Gloves-si.plist in Resources */,
				87A902082393376000399A92 /* Mittens-im.plist in Resources */,
				87A902092393376000399A92 /* Mittens-si.plist in Resources */,
				87A9020A2393376000399A92 /* Scarf-im.plist in Resources */,
				87A9020B2393376000399A92 /* Scarf-si.plist in Resources */,
				87A9020C2393376000399A92 /* Socks-im.plist in Resources */,
				87A9020D2393376000399A92 /* Socks-si.plist in Resources */,
				87A9020E2393376000399A92 /* Sweater-im.plist in Resources */,
				87A9020F2393376000399A92 /* Sweater-si.plist in Resources */,
				87A902102393376000399A92 /* Tam-im.plist in Resources */,
				87A902112393376000399A92 /* Tam-si.plist in Resources */,
				87A902122393376000399A92 /* Toque-im.plist in Resources */,
				87A902132393376000399A92 /* Toque-si.plist in Resources */,
				87A902142393376000399A92 /* Vest-im.plist in Resources */,
				87A902152393376000399A92 /* Vest-si.plist in Resources */,
				87A902162393376000399A92 /* Localizable.strings in Resources */,
				87A902172393376000399A92 /* InfoPlist.strings in Resources */,
				87A902022393372900399A92 /* Assets.xcassets in Resources */,
				87A902032393372900399A92 /* LaunchScreen.storyboard in Resources */,
			);
			runOnlyForDeploymentPostprocessing = 0;
		};
		87F4CCF622C7F3DC0066B7C3 /* Resources */ = {
			isa = PBXResourcesBuildPhase;
			buildActionMask = 2147483647;
			files = (
			);
			runOnlyForDeploymentPostprocessing = 0;
		};
/* End PBXResourcesBuildPhase section */

/* Begin PBXShellScriptBuildPhase section */
		2525203354B92E7B159BD3CE /* [CP] Check Pods Manifest.lock */ = {
			isa = PBXShellScriptBuildPhase;
			buildActionMask = 2147483647;
			files = (
			);
			inputFileListPaths = (
			);
			inputPaths = (
				"${PODS_PODFILE_DIR_PATH}/Podfile.lock",
				"${PODS_ROOT}/Manifest.lock",
			);
			name = "[CP] Check Pods Manifest.lock";
			outputFileListPaths = (
			);
			outputPaths = (
				"$(DERIVED_FILE_DIR)/Pods-KnittingYarnCalcPro-checkManifestLockResult.txt",
			);
			runOnlyForDeploymentPostprocessing = 0;
			shellPath = /bin/sh;
			shellScript = "diff \"${PODS_PODFILE_DIR_PATH}/Podfile.lock\" \"${PODS_ROOT}/Manifest.lock\" > /dev/null\nif [ $? != 0 ] ; then\n    # print error to STDERR\n    echo \"error: The sandbox is not in sync with the Podfile.lock. Run 'pod install' or update your CocoaPods installation.\" >&2\n    exit 1\nfi\n# This output is used by Xcode 'outputs' to avoid re-running this script phase.\necho \"SUCCESS\" > \"${SCRIPT_OUTPUT_FILE_0}\"\n";
			showEnvVarsInLog = 0;
		};
		419D9678638CE692067EB2AE /* [CP] Embed Pods Frameworks */ = {
			isa = PBXShellScriptBuildPhase;
			buildActionMask = 2147483647;
			files = (
			);
			inputPaths = (
				"${PODS_ROOT}/Target Support Files/Pods-KnittingYarnCalc/Pods-KnittingYarnCalc-frameworks.sh",
				"${BUILT_PRODUCTS_DIR}/FBSDKCoreKit/FBSDKCoreKit.framework",
				"${BUILT_PRODUCTS_DIR}/GoogleUtilities/GoogleUtilities.framework",
				"${BUILT_PRODUCTS_DIR}/PersonalizedAdConsent/PersonalizedAdConsent.framework",
				"${BUILT_PRODUCTS_DIR}/PromisesObjC/FBLPromises.framework",
				"${BUILT_PRODUCTS_DIR}/nanopb/nanopb.framework",
			);
			name = "[CP] Embed Pods Frameworks";
			outputPaths = (
				"${TARGET_BUILD_DIR}/${FRAMEWORKS_FOLDER_PATH}/FBSDKCoreKit.framework",
				"${TARGET_BUILD_DIR}/${FRAMEWORKS_FOLDER_PATH}/GoogleUtilities.framework",
				"${TARGET_BUILD_DIR}/${FRAMEWORKS_FOLDER_PATH}/PersonalizedAdConsent.framework",
				"${TARGET_BUILD_DIR}/${FRAMEWORKS_FOLDER_PATH}/FBLPromises.framework",
				"${TARGET_BUILD_DIR}/${FRAMEWORKS_FOLDER_PATH}/nanopb.framework",
			);
			runOnlyForDeploymentPostprocessing = 0;
			shellPath = /bin/sh;
			shellScript = "\"${PODS_ROOT}/Target Support Files/Pods-KnittingYarnCalc/Pods-KnittingYarnCalc-frameworks.sh\"\n";
			showEnvVarsInLog = 0;
		};
		A8E626BE4786128ACD47457F /* [CP] Check Pods Manifest.lock */ = {
			isa = PBXShellScriptBuildPhase;
			buildActionMask = 2147483647;
			files = (
			);
			inputFileListPaths = (
			);
			inputPaths = (
				"${PODS_PODFILE_DIR_PATH}/Podfile.lock",
				"${PODS_ROOT}/Manifest.lock",
			);
			name = "[CP] Check Pods Manifest.lock";
			outputFileListPaths = (
			);
			outputPaths = (
				"$(DERIVED_FILE_DIR)/Pods-KnittingYarnCalc-checkManifestLockResult.txt",
			);
			runOnlyForDeploymentPostprocessing = 0;
			shellPath = /bin/sh;
			shellScript = "diff \"${PODS_PODFILE_DIR_PATH}/Podfile.lock\" \"${PODS_ROOT}/Manifest.lock\" > /dev/null\nif [ $? != 0 ] ; then\n    # print error to STDERR\n    echo \"error: The sandbox is not in sync with the Podfile.lock. Run 'pod install' or update your CocoaPods installation.\" >&2\n    exit 1\nfi\n# This output is used by Xcode 'outputs' to avoid re-running this script phase.\necho \"SUCCESS\" > \"${SCRIPT_OUTPUT_FILE_0}\"\n";
			showEnvVarsInLog = 0;
		};
/* End PBXShellScriptBuildPhase section */

/* Begin PBXSourcesBuildPhase section */
		87082A4A224730B600D0E93C /* Sources */ = {
			isa = PBXSourcesBuildPhase;
			buildActionMask = 2147483647;
			files = (
				87082A4B224730B600D0E93C /* UserDefaults.swift in Sources */,
				87082A4D224730B600D0E93C /* WeightsController.swift in Sources */,
				87C8D8B722AD69080074C673 /* DimensionCell.swift in Sources */,
				87082A56224730B600D0E93C /* Socks.swift in Sources */,
				87082A57224730B600D0E93C /* Hat.swift in Sources */,
				87C8D8B422AD5E7F0074C673 /* ProjectController.swift in Sources */,
				87082A58224730B600D0E93C /* ProjectCell.swift in Sources */,
				873F640B2247D5D90090D727 /* AdController.swift in Sources */,
				87082A59224730B600D0E93C /* YarnWeight.swift in Sources */,
				87082A5A224730B600D0E93C /* WeightCell.swift in Sources */,
				87C8D8C022AD91950074C673 /* Dimension.swift in Sources */,
				87082A5B224730B600D0E93C /* KnittingNeedles.swift in Sources */,
				87082A5C224730B600D0E93C /* Mittens.swift in Sources */,
				87082A5D224730B600D0E93C /* Scarf.swift in Sources */,
				87082A60224730B600D0E93C /* Colors.swift in Sources */,
				873F64092247CC4A0090D727 /* AppDelegate.swift in Sources */,
				87C8D8C322C2F24F0074C673 /* BallsDimension.swift in Sources */,
				87082A61224730B600D0E93C /* Sweater.swift in Sources */,
				87082A62224730B600D0E93C /* ProjectListController.swift in Sources */,
				87C8D8BA22AD692E0074C673 /* NameImageCell.swift in Sources */,
				87082A64224730B600D0E93C /* Project.swift in Sources */,
				87082A66224730B600D0E93C /* InfoController.swift in Sources */,
				87082A68224730B600D0E93C /* Vest.swift in Sources */,
			);
			runOnlyForDeploymentPostprocessing = 0;
		};
		8726BAEE22C92D4200C79210 /* Sources */ = {
			isa = PBXSourcesBuildPhase;
			buildActionMask = 2147483647;
			files = (
				8726BB3C22C92F2800C79210 /* PatternInfo.swift in Sources */,
				8726BB3122C92F1B00C79210 /* BlanketTests.swift in Sources */,
				8726BB4222C92F2800C79210 /* VestTests.swift in Sources */,
				8726BB3222C92F1F00C79210 /* GlovesTests.swift in Sources */,
				8726BB3E22C92F2800C79210 /* SockTests.swift in Sources */,
				8726BB4122C92F2800C79210 /* ToqueTests.swift in Sources */,
				8726BB3F22C92F2800C79210 /* SweaterTests.swift in Sources */,
				8726BB3D22C92F2800C79210 /* ScarfTests.swift in Sources */,
				8726BB4022C92F2800C79210 /* TamTests.swift in Sources */,
				8726BB3B22C92F2800C79210 /* MittensTests.swift in Sources */,
			);
			runOnlyForDeploymentPostprocessing = 0;
		};
		87DABA971CE7EBF4009DD3B1 /* Sources */ = {
			isa = PBXSourcesBuildPhase;
			buildActionMask = 2147483647;
			files = (
				873A8CE11D46876800B3B287 /* UserDefaults.swift in Sources */,
				87DABAA31CE7EBF4009DD3B1 /* WeightsController.swift in Sources */,
				87C8D8BF22AD91950074C673 /* Dimension.swift in Sources */,
				87DABA9F1CE7EBF4009DD3B1 /* AppDelegate.swift in Sources */,
				87E536DE1CFBFB6E00BE9735 /* Socks.swift in Sources */,
				87C8D8B322AD5E7F0074C673 /* ProjectController.swift in Sources */,
				87E536DB1CFBF9EE00BE9735 /* Hat.swift in Sources */,
				87A23A6D1CED3E2200E03F1F /* ProjectCell.swift in Sources */,
				87DABAD11CE821D1009DD3B1 /* YarnWeight.swift in Sources */,
				87DABACF1CE7F7B1009DD3B1 /* WeightCell.swift in Sources */,
				87660B7F1D774AF000975E3B /* KnittingNeedles.swift in Sources */,
				87C8D8C222C2F24F0074C673 /* BallsDimension.swift in Sources */,
				8763AA731CF2AF3300E1B003 /* Mittens.swift in Sources */,
				87E536D31CFBECA100BE9735 /* Scarf.swift in Sources */,
				87C8D8B622AD69080074C673 /* DimensionCell.swift in Sources */,
				87D078EC1D58EB0400DFBC11 /* Colors.swift in Sources */,
				8763AA751CF2B90000E1B003 /* Sweater.swift in Sources */,
				87A23A6B1CED1A4A00E03F1F /* ProjectListController.swift in Sources */,
				8763AA711CF2A8DD00E1B003 /* Project.swift in Sources */,
				8763AA7F1CF2F6E800E1B003 /* InfoController.swift in Sources */,
				87C8D8B922AD692E0074C673 /* NameImageCell.swift in Sources */,
				87E536D71CFBF79E00BE9735 /* Vest.swift in Sources */,
			);
			runOnlyForDeploymentPostprocessing = 0;
		};
		87F4CCF422C7F3DC0066B7C3 /* Sources */ = {
			isa = PBXSourcesBuildPhase;
			buildActionMask = 2147483647;
			files = (
				87F4CD0322C7F4080066B7C3 /* KnittingYarnCalcUITests.swift in Sources */,
				87F4CD0222C7F4080066B7C3 /* XCUIElement.swift in Sources */,
			);
			runOnlyForDeploymentPostprocessing = 0;
		};
/* End PBXSourcesBuildPhase section */

/* Begin PBXTargetDependency section */
		8726BAF822C92D4200C79210 /* PBXTargetDependency */ = {
			isa = PBXTargetDependency;
			target = 87DABA9A1CE7EBF4009DD3B1 /* KnittingYarnCalcPro */;
			targetProxy = 8726BAF722C92D4200C79210 /* PBXContainerItemProxy */;
		};
		87F4CCFE22C7F3DC0066B7C3 /* PBXTargetDependency */ = {
			isa = PBXTargetDependency;
			target = 87DABA9A1CE7EBF4009DD3B1 /* KnittingYarnCalcPro */;
			targetProxy = 87F4CCFD22C7F3DC0066B7C3 /* PBXContainerItemProxy */;
		};
/* End PBXTargetDependency section */

/* Begin PBXVariantGroup section */
		8726BB2922C92F0400C79210 /* InfoPlist.strings */ = {
			isa = PBXVariantGroup;
			children = (
				8726BB2A22C92F0400C79210 /* lv */,
			);
			name = InfoPlist.strings;
			sourceTree = "<group>";
		};
		879F0CEF248250BE00515AEE /* Free.storyboard */ = {
			isa = PBXVariantGroup;
			children = (
				879F0CEE248250BE00515AEE /* Base */,
				879F0CF1248250CD00515AEE /* en */,
				879F0CF3248250D600515AEE /* ru */,
				879F0CF5248250D700515AEE /* lv */,
			);
			name = Free.storyboard;
			sourceTree = "<group>";
		};
		87DABAA41CE7EBF4009DD3B1 /* Main.storyboard */ = {
			isa = PBXVariantGroup;
			children = (
				87DABAA51CE7EBF4009DD3B1 /* Base */,
				87EFFB081D711BA800AAA422 /* lv */,
				879F0CE92482449300515AEE /* ru */,
			);
			name = Main.storyboard;
			sourceTree = "<group>";
		};
		87DABAA91CE7EBF4009DD3B1 /* LaunchScreen.storyboard */ = {
			isa = PBXVariantGroup;
			children = (
				87DABAAA1CE7EBF4009DD3B1 /* Base */,
				87EFFB151D711BD700AAA422 /* lv */,
				879F0CEA2482449300515AEE /* ru */,
			);
			name = LaunchScreen.storyboard;
			sourceTree = "<group>";
		};
		87EFFA3E1D67C8FC00AAA422 /* Localizable.strings */ = {
			isa = PBXVariantGroup;
			children = (
				87EFFA3D1D67C8FC00AAA422 /* Base */,
				87EFFB091D711BA800AAA422 /* lv */,
				879F0CEB2482449300515AEE /* ru */,
			);
			name = Localizable.strings;
			path = Localizations;
			sourceTree = "<group>";
		};
		87EFFA481D67C9B800AAA422 /* InfoPlist.strings */ = {
			isa = PBXVariantGroup;
			children = (
				87EFFA471D67C9B800AAA422 /* Base */,
				87EFFB0A1D711BA800AAA422 /* lv */,
				879F0CEC2482449300515AEE /* ru */,
			);
			name = InfoPlist.strings;
			path = Localizations;
			sourceTree = "<group>";
		};
		87EFFB0F1D711BD600AAA422 /* InfoPlist.strings */ = {
			isa = PBXVariantGroup;
			children = (
				87EFFB0E1D711BD600AAA422 /* lv */,
			);
			name = InfoPlist.strings;
			sourceTree = "<group>";
		};
/* End PBXVariantGroup section */

/* Begin XCBuildConfiguration section */
		87082A85224730B600D0E93C /* Debug */ = {
			isa = XCBuildConfiguration;
			baseConfigurationReference = 979E8A46C85CC9930F121975 /* Pods-KnittingYarnCalc.debug.xcconfig */;
			buildSettings = {
				ASSETCATALOG_COMPILER_APPICON_NAME = "AppIcon-free";
				CODE_SIGN_IDENTITY = "iPhone Developer";
				"CODE_SIGN_IDENTITY[sdk=iphoneos*]" = "iPhone Developer";
				CURRENT_PROJECT_VERSION = 15;
				DEVELOPMENT_TEAM = XZ8NRDZGBL;
				INFOPLIST_FILE = "$(SRCROOT)/KnittingYarnCalcFree-Info.plist";
				IPHONEOS_DEPLOYMENT_TARGET = 13.0;
				LD_RUNPATH_SEARCH_PATHS = "$(inherited) @executable_path/Frameworks";
				MARKETING_VERSION = 1.5;
				PRODUCT_BUNDLE_IDENTIFIER = com.inqint.yarncalcfree;
				PRODUCT_NAME = "$(TARGET_NAME)";
				PROVISIONING_PROFILE = "";
				SWIFT_OBJC_BRIDGING_HEADER = "KnittingYarnCalcFree/Knitting_Yarn_Calc_Free-header.h";
				SWIFT_VERSION = 5.0;
				TARGETED_DEVICE_FAMILY = 1;
			};
			name = Debug;
		};
		87082A87224730B600D0E93C /* Release */ = {
			isa = XCBuildConfiguration;
			baseConfigurationReference = 13672F31DFCF8CC609D1A601 /* Pods-KnittingYarnCalc.release.xcconfig */;
			buildSettings = {
				ASSETCATALOG_COMPILER_APPICON_NAME = "AppIcon-free";
				CODE_SIGN_IDENTITY = "iPhone Developer";
				"CODE_SIGN_IDENTITY[sdk=iphoneos*]" = "iPhone Developer";
				CURRENT_PROJECT_VERSION = 15;
				DEVELOPMENT_TEAM = XZ8NRDZGBL;
				INFOPLIST_FILE = "$(SRCROOT)/KnittingYarnCalcFree-Info.plist";
				IPHONEOS_DEPLOYMENT_TARGET = 13.0;
				LD_RUNPATH_SEARCH_PATHS = "$(inherited) @executable_path/Frameworks";
				MARKETING_VERSION = 1.5;
				PRODUCT_BUNDLE_IDENTIFIER = com.inqint.yarncalcfree;
				PRODUCT_NAME = "$(TARGET_NAME)";
				PROVISIONING_PROFILE = "";
				SWIFT_OBJC_BRIDGING_HEADER = "KnittingYarnCalcFree/Knitting_Yarn_Calc_Free-header.h";
				SWIFT_VERSION = 5.0;
				TARGETED_DEVICE_FAMILY = 1;
			};
			name = Release;
		};
		8726BAF922C92D4200C79210 /* Debug */ = {
			isa = XCBuildConfiguration;
			buildSettings = {
				BUNDLE_LOADER = "$(TEST_HOST)";
				CLANG_ANALYZER_NUMBER_OBJECT_CONVERSION = YES_AGGRESSIVE;
				CLANG_CXX_LANGUAGE_STANDARD = "gnu++14";
				CLANG_ENABLE_OBJC_WEAK = YES;
				CLANG_WARN_DOCUMENTATION_COMMENTS = YES;
				CLANG_WARN_UNGUARDED_AVAILABILITY = YES_AGGRESSIVE;
				CODE_SIGN_IDENTITY = "iPhone Developer";
				CODE_SIGN_STYLE = Automatic;
				DEVELOPMENT_TEAM = XZ8NRDZGBL;
				GCC_C_LANGUAGE_STANDARD = gnu11;
				INFOPLIST_FILE = UnitTests/Info.plist;
				IPHONEOS_DEPLOYMENT_TARGET = 13.0;
				LD_RUNPATH_SEARCH_PATHS = "$(inherited) @executable_path/Frameworks @loader_path/Frameworks";
				MTL_ENABLE_DEBUG_INFO = INCLUDE_SOURCE;
				MTL_FAST_MATH = YES;
				ONLY_ACTIVE_ARCH = YES;
				PRODUCT_BUNDLE_IDENTIFIER = com.inq.UnitTests;
				PRODUCT_NAME = "$(TARGET_NAME)";
				SWIFT_ACTIVE_COMPILATION_CONDITIONS = DEBUG;
				SWIFT_VERSION = 5.0;
				TARGETED_DEVICE_FAMILY = "1,2";
				TEST_HOST = "$(BUILT_PRODUCTS_DIR)/KnittingYarnCalcPro.app/KnittingYarnCalcPro";
			};
			name = Debug;
		};
		8726BAFA22C92D4200C79210 /* Release */ = {
			isa = XCBuildConfiguration;
			buildSettings = {
				BUNDLE_LOADER = "$(TEST_HOST)";
				CLANG_ANALYZER_NUMBER_OBJECT_CONVERSION = YES_AGGRESSIVE;
				CLANG_CXX_LANGUAGE_STANDARD = "gnu++14";
				CLANG_ENABLE_OBJC_WEAK = YES;
				CLANG_WARN_DOCUMENTATION_COMMENTS = YES;
				CLANG_WARN_UNGUARDED_AVAILABILITY = YES_AGGRESSIVE;
				CODE_SIGN_IDENTITY = "iPhone Developer";
				CODE_SIGN_STYLE = Automatic;
				DEVELOPMENT_TEAM = XZ8NRDZGBL;
				GCC_C_LANGUAGE_STANDARD = gnu11;
				INFOPLIST_FILE = UnitTests/Info.plist;
				IPHONEOS_DEPLOYMENT_TARGET = 13.0;
				LD_RUNPATH_SEARCH_PATHS = "$(inherited) @executable_path/Frameworks @loader_path/Frameworks";
				MTL_FAST_MATH = YES;
				PRODUCT_BUNDLE_IDENTIFIER = com.inq.UnitTests;
				PRODUCT_NAME = "$(TARGET_NAME)";
				SWIFT_VERSION = 5.0;
				TARGETED_DEVICE_FAMILY = "1,2";
				TEST_HOST = "$(BUILT_PRODUCTS_DIR)/KnittingYarnCalcPro.app/KnittingYarnCalcPro";
			};
			name = Release;
		};
		87DABAC31CE7EBF4009DD3B1 /* Debug */ = {
			isa = XCBuildConfiguration;
			buildSettings = {
				ALWAYS_SEARCH_USER_PATHS = NO;
				CLANG_ANALYZER_LOCALIZABILITY_NONLOCALIZED = YES;
				CLANG_ANALYZER_NONNULL = YES;
				CLANG_CXX_LANGUAGE_STANDARD = "gnu++0x";
				CLANG_CXX_LIBRARY = "libc++";
				CLANG_ENABLE_MODULES = YES;
				CLANG_ENABLE_OBJC_ARC = YES;
				CLANG_WARN_BLOCK_CAPTURE_AUTORELEASING = YES;
				CLANG_WARN_BOOL_CONVERSION = YES;
				CLANG_WARN_COMMA = YES;
				CLANG_WARN_CONSTANT_CONVERSION = YES;
				CLANG_WARN_DEPRECATED_OBJC_IMPLEMENTATIONS = YES;
				CLANG_WARN_DIRECT_OBJC_ISA_USAGE = YES_ERROR;
				CLANG_WARN_EMPTY_BODY = YES;
				CLANG_WARN_ENUM_CONVERSION = YES;
				CLANG_WARN_INFINITE_RECURSION = YES;
				CLANG_WARN_INT_CONVERSION = YES;
				CLANG_WARN_NON_LITERAL_NULL_CONVERSION = YES;
				CLANG_WARN_OBJC_IMPLICIT_RETAIN_SELF = YES;
				CLANG_WARN_OBJC_LITERAL_CONVERSION = YES;
				CLANG_WARN_OBJC_ROOT_CLASS = YES_ERROR;
				CLANG_WARN_RANGE_LOOP_ANALYSIS = YES;
				CLANG_WARN_STRICT_PROTOTYPES = YES;
				CLANG_WARN_SUSPICIOUS_MOVE = YES;
				CLANG_WARN_UNREACHABLE_CODE = YES;
				CLANG_WARN__DUPLICATE_METHOD_MATCH = YES;
				"CODE_SIGN_IDENTITY[sdk=iphoneos*]" = "iPhone Developer";
				COPY_PHASE_STRIP = NO;
				DEBUG_INFORMATION_FORMAT = dwarf;
				ENABLE_STRICT_OBJC_MSGSEND = YES;
				ENABLE_TESTABILITY = YES;
				GCC_C_LANGUAGE_STANDARD = gnu99;
				GCC_DYNAMIC_NO_PIC = NO;
				GCC_NO_COMMON_BLOCKS = YES;
				GCC_OPTIMIZATION_LEVEL = 0;
				GCC_PREPROCESSOR_DEFINITIONS = (
					"DEBUG=1",
					"$(inherited)",
				);
				GCC_WARN_64_TO_32_BIT_CONVERSION = YES;
				GCC_WARN_ABOUT_RETURN_TYPE = YES_ERROR;
				GCC_WARN_UNDECLARED_SELECTOR = YES;
				GCC_WARN_UNINITIALIZED_AUTOS = YES_AGGRESSIVE;
				GCC_WARN_UNUSED_FUNCTION = YES;
				GCC_WARN_UNUSED_VARIABLE = YES;
				IPHONEOS_DEPLOYMENT_TARGET = 13.0;
				"LD_MAP_FILE_PATH[arch=*]" = "$(TARGET_TEMP_DIR)/$(PRODUCT_NAME)-LinkMap-$(CURRENT_VARIANT)-$(CURRENT_ARCH).txt";
				MTL_ENABLE_DEBUG_INFO = YES;
				ONLY_ACTIVE_ARCH = YES;
				SDKROOT = iphoneos;
				SWIFT_OPTIMIZATION_LEVEL = "-Onone";
			};
			name = Debug;
		};
		87DABAC41CE7EBF4009DD3B1 /* Release */ = {
			isa = XCBuildConfiguration;
			buildSettings = {
				ALWAYS_SEARCH_USER_PATHS = NO;
				CLANG_ANALYZER_LOCALIZABILITY_NONLOCALIZED = YES;
				CLANG_ANALYZER_NONNULL = YES;
				CLANG_CXX_LANGUAGE_STANDARD = "gnu++0x";
				CLANG_CXX_LIBRARY = "libc++";
				CLANG_ENABLE_MODULES = YES;
				CLANG_ENABLE_OBJC_ARC = YES;
				CLANG_WARN_BLOCK_CAPTURE_AUTORELEASING = YES;
				CLANG_WARN_BOOL_CONVERSION = YES;
				CLANG_WARN_COMMA = YES;
				CLANG_WARN_CONSTANT_CONVERSION = YES;
				CLANG_WARN_DEPRECATED_OBJC_IMPLEMENTATIONS = YES;
				CLANG_WARN_DIRECT_OBJC_ISA_USAGE = YES_ERROR;
				CLANG_WARN_EMPTY_BODY = YES;
				CLANG_WARN_ENUM_CONVERSION = YES;
				CLANG_WARN_INFINITE_RECURSION = YES;
				CLANG_WARN_INT_CONVERSION = YES;
				CLANG_WARN_NON_LITERAL_NULL_CONVERSION = YES;
				CLANG_WARN_OBJC_IMPLICIT_RETAIN_SELF = YES;
				CLANG_WARN_OBJC_LITERAL_CONVERSION = YES;
				CLANG_WARN_OBJC_ROOT_CLASS = YES_ERROR;
				CLANG_WARN_RANGE_LOOP_ANALYSIS = YES;
				CLANG_WARN_STRICT_PROTOTYPES = YES;
				CLANG_WARN_SUSPICIOUS_MOVE = YES;
				CLANG_WARN_UNREACHABLE_CODE = YES;
				CLANG_WARN__DUPLICATE_METHOD_MATCH = YES;
				"CODE_SIGN_IDENTITY[sdk=iphoneos*]" = "iPhone Developer";
				COPY_PHASE_STRIP = NO;
				DEBUG_INFORMATION_FORMAT = "dwarf-with-dsym";
				ENABLE_NS_ASSERTIONS = NO;
				ENABLE_STRICT_OBJC_MSGSEND = YES;
				GCC_C_LANGUAGE_STANDARD = gnu99;
				GCC_NO_COMMON_BLOCKS = YES;
				GCC_WARN_64_TO_32_BIT_CONVERSION = YES;
				GCC_WARN_ABOUT_RETURN_TYPE = YES_ERROR;
				GCC_WARN_UNDECLARED_SELECTOR = YES;
				GCC_WARN_UNINITIALIZED_AUTOS = YES_AGGRESSIVE;
				GCC_WARN_UNUSED_FUNCTION = YES;
				GCC_WARN_UNUSED_VARIABLE = YES;
				IPHONEOS_DEPLOYMENT_TARGET = 13.0;
				MTL_ENABLE_DEBUG_INFO = NO;
				SDKROOT = iphoneos;
				SWIFT_OPTIMIZATION_LEVEL = "-Owholemodule";
				VALIDATE_PRODUCT = YES;
			};
			name = Release;
		};
		87DABAC61CE7EBF4009DD3B1 /* Debug */ = {
			isa = XCBuildConfiguration;
			baseConfigurationReference = 46AE4BBCA9F5EF511EB39F5D /* Pods-KnittingYarnCalcPro.debug.xcconfig */;
			buildSettings = {
				ASSETCATALOG_COMPILER_APPICON_NAME = "AppIcon-pro";
				CODE_SIGN_IDENTITY = "iPhone Developer";
				"CODE_SIGN_IDENTITY[sdk=iphoneos*]" = "iPhone Developer";
				CURRENT_PROJECT_VERSION = 13;
				DEVELOPMENT_TEAM = XZ8NRDZGBL;
				INFOPLIST_FILE = "$(SRCROOT)/KnittingYarnCalcPro/Info.plist";
				IPHONEOS_DEPLOYMENT_TARGET = 13.0;
				LD_RUNPATH_SEARCH_PATHS = "$(inherited) @executable_path/Frameworks";
				MARKETING_VERSION = 1.3;
				ONLY_ACTIVE_ARCH = NO;
				PRODUCT_BUNDLE_IDENTIFIER = com.inqint.YarnRequirements;
				PRODUCT_NAME = "$(TARGET_NAME)";
				PROVISIONING_PROFILE = "";
				SWIFT_SWIFT3_OBJC_INFERENCE = Default;
				SWIFT_VERSION = 5.0;
				TARGETED_DEVICE_FAMILY = 1;
			};
			name = Debug;
		};
		87DABAC71CE7EBF4009DD3B1 /* Release */ = {
			isa = XCBuildConfiguration;
			baseConfigurationReference = D7729DF31C0C76AAB2A1E091 /* Pods-KnittingYarnCalcPro.release.xcconfig */;
			buildSettings = {
				ASSETCATALOG_COMPILER_APPICON_NAME = "AppIcon-pro";
				CODE_SIGN_IDENTITY = "iPhone Developer";
				"CODE_SIGN_IDENTITY[sdk=iphoneos*]" = "iPhone Developer";
				CURRENT_PROJECT_VERSION = 13;
				DEVELOPMENT_TEAM = XZ8NRDZGBL;
				INFOPLIST_FILE = "$(SRCROOT)/KnittingYarnCalcPro/Info.plist";
				IPHONEOS_DEPLOYMENT_TARGET = 13.0;
				LD_RUNPATH_SEARCH_PATHS = "$(inherited) @executable_path/Frameworks";
				MARKETING_VERSION = 1.3;
				PRODUCT_BUNDLE_IDENTIFIER = com.inqint.YarnRequirements;
				PRODUCT_NAME = "KnittingYarnCalc Pro";
				PROVISIONING_PROFILE = "";
				SWIFT_SWIFT3_OBJC_INFERENCE = Default;
				SWIFT_VERSION = 5.0;
				TARGETED_DEVICE_FAMILY = 1;
			};
			name = Release;
		};
		87F4CD0022C7F3DC0066B7C3 /* Debug */ = {
			isa = XCBuildConfiguration;
			buildSettings = {
				CLANG_ANALYZER_NUMBER_OBJECT_CONVERSION = YES_AGGRESSIVE;
				CLANG_CXX_LANGUAGE_STANDARD = "gnu++14";
				CLANG_ENABLE_OBJC_WEAK = YES;
				CLANG_WARN_DOCUMENTATION_COMMENTS = YES;
				CLANG_WARN_UNGUARDED_AVAILABILITY = YES_AGGRESSIVE;
				CODE_SIGN_IDENTITY = "iPhone Developer";
				CODE_SIGN_STYLE = Automatic;
				DEVELOPMENT_TEAM = XZ8NRDZGBL;
				GCC_C_LANGUAGE_STANDARD = gnu11;
				INFOPLIST_FILE = KnittingYarnCalcUITests/Info.plist;
				IPHONEOS_DEPLOYMENT_TARGET = 13.0;
				LD_RUNPATH_SEARCH_PATHS = "$(inherited) @executable_path/Frameworks @loader_path/Frameworks";
				MTL_ENABLE_DEBUG_INFO = INCLUDE_SOURCE;
				MTL_FAST_MATH = YES;
				PRODUCT_BUNDLE_IDENTIFIER = com.inq.KnittingYarnCalcUITests;
				PRODUCT_NAME = "$(TARGET_NAME)";
				SWIFT_ACTIVE_COMPILATION_CONDITIONS = DEBUG;
				SWIFT_VERSION = 5.0;
				TARGETED_DEVICE_FAMILY = "1,2";
				TEST_TARGET_NAME = "Knitting Yarn Calc Pro";
			};
			name = Debug;
		};
		87F4CD0122C7F3DC0066B7C3 /* Release */ = {
			isa = XCBuildConfiguration;
			buildSettings = {
				CLANG_ANALYZER_NUMBER_OBJECT_CONVERSION = YES_AGGRESSIVE;
				CLANG_CXX_LANGUAGE_STANDARD = "gnu++14";
				CLANG_ENABLE_OBJC_WEAK = YES;
				CLANG_WARN_DOCUMENTATION_COMMENTS = YES;
				CLANG_WARN_UNGUARDED_AVAILABILITY = YES_AGGRESSIVE;
				CODE_SIGN_IDENTITY = "iPhone Developer";
				CODE_SIGN_STYLE = Automatic;
				DEVELOPMENT_TEAM = XZ8NRDZGBL;
				GCC_C_LANGUAGE_STANDARD = gnu11;
				INFOPLIST_FILE = KnittingYarnCalcUITests/Info.plist;
				IPHONEOS_DEPLOYMENT_TARGET = 13.0;
				LD_RUNPATH_SEARCH_PATHS = "$(inherited) @executable_path/Frameworks @loader_path/Frameworks";
				MTL_FAST_MATH = YES;
				PRODUCT_BUNDLE_IDENTIFIER = com.inq.KnittingYarnCalcUITests;
				PRODUCT_NAME = "$(TARGET_NAME)";
				SWIFT_VERSION = 5.0;
				TARGETED_DEVICE_FAMILY = "1,2";
				TEST_TARGET_NAME = "Knitting Yarn Calc Pro";
			};
			name = Release;
		};
/* End XCBuildConfiguration section */

/* Begin XCConfigurationList section */
		87082A84224730B600D0E93C /* Build configuration list for PBXNativeTarget "KnittingYarnCalc" */ = {
			isa = XCConfigurationList;
			buildConfigurations = (
				87082A85224730B600D0E93C /* Debug */,
				87082A87224730B600D0E93C /* Release */,
			);
			defaultConfigurationIsVisible = 0;
			defaultConfigurationName = Debug;
		};
		8726BAFB22C92D4200C79210 /* Build configuration list for PBXNativeTarget "UnitTests" */ = {
			isa = XCConfigurationList;
			buildConfigurations = (
				8726BAF922C92D4200C79210 /* Debug */,
				8726BAFA22C92D4200C79210 /* Release */,
			);
			defaultConfigurationIsVisible = 0;
			defaultConfigurationName = Debug;
		};
		87DABA961CE7EBF4009DD3B1 /* Build configuration list for PBXProject "KnittingYarnCalc" */ = {
			isa = XCConfigurationList;
			buildConfigurations = (
				87DABAC31CE7EBF4009DD3B1 /* Debug */,
				87DABAC41CE7EBF4009DD3B1 /* Release */,
			);
			defaultConfigurationIsVisible = 0;
			defaultConfigurationName = Debug;
		};
		87DABAC51CE7EBF4009DD3B1 /* Build configuration list for PBXNativeTarget "KnittingYarnCalcPro" */ = {
			isa = XCConfigurationList;
			buildConfigurations = (
				87DABAC61CE7EBF4009DD3B1 /* Debug */,
				87DABAC71CE7EBF4009DD3B1 /* Release */,
			);
			defaultConfigurationIsVisible = 0;
			defaultConfigurationName = Debug;
		};
		87F4CCFF22C7F3DC0066B7C3 /* Build configuration list for PBXNativeTarget "KnittingYarnCalcUITests" */ = {
			isa = XCConfigurationList;
			buildConfigurations = (
				87F4CD0022C7F3DC0066B7C3 /* Debug */,
				87F4CD0122C7F3DC0066B7C3 /* Release */,
			);
			defaultConfigurationIsVisible = 0;
			defaultConfigurationName = Debug;
		};
/* End XCConfigurationList section */
	};
	rootObject = 87DABA931CE7EBF4009DD3B1 /* Project object */;
}
