<?xml version="1.0" encoding="UTF-8"?>
<Scheme
   LastUpgradeVersion = "1020"
   version = "1.3">
   <BuildAction
      parallelizeBuildables = "YES"
      buildImplicitDependencies = "YES">
      <BuildActionEntries>
         <BuildActionEntry
            buildForTesting = "YES"
            buildForRunning = "YES"
            buildForProfiling = "YES"
            buildForArchiving = "YES"
            buildForAnalyzing = "YES">
            <BuildableReference
               BuildableIdentifier = "primary"
               BlueprintIdentifier = "87DABA9A1CE7EBF4009DD3B1"
               BuildableName = "KnittingYarnCalcPro.app"
               BlueprintName = "KnittingYarnCalcPro"
               ReferencedContainer = "container:KnittingYarnCalc.xcodeproj">
            </BuildableReference>
         </BuildActionEntry>
         <BuildActionEntry
            buildForTesting = "YES"
            buildForRunning = "NO"
            buildForProfiling = "NO"
            buildForArchiving = "NO"
            buildForAnalyzing = "NO">
            <BuildableReference
               BuildableIdentifier = "primary"
               BlueprintIdentifier = "87489AAC22C8050B0027A9D5"
               BuildableName = "KnitYarnCalcProTests.xctest"
               BlueprintName = "KnitYarnCalcProTests"
               ReferencedContainer = "container:KnittingYarnCalc.xcodeproj">
            </BuildableReference>
         </BuildActionEntry>
         <BuildActionEntry
            buildForTesting = "YES"
            buildForRunning = "NO"
            buildForProfiling = "NO"
            buildForArchiving = "NO"
            buildForAnalyzing = "NO">
            <BuildableReference
               BuildableIdentifier = "primary"
               BlueprintIdentifier = "87F4CCF722C7F3DC0066B7C3"
               BuildableName = "KnittingYarnCalcUITests.xctest"
               BlueprintName = "KnittingYarnCalcUITests"
               ReferencedContainer = "container:KnittingYarnCalc.xcodeproj">
            </BuildableReference>
         </BuildActionEntry>
      </BuildActionEntries>
   </BuildAction>
   <TestAction
      buildConfiguration = "Debug Paid"
      selectedDebuggerIdentifier = "Xcode.DebuggerFoundation.Debugger.LLDB"
      selectedLauncherIdentifier = "Xcode.DebuggerFoundation.Launcher.LLDB"
      codeCoverageEnabled = "YES"
      shouldUseLaunchSchemeArgsEnv = "YES">
      <Testables>
      </Testables>
      <MacroExpansion>
         <BuildableReference
            BuildableIdentifier = "primary"
            BlueprintIdentifier = "87DABA9A1CE7EBF4009DD3B1"
            BuildableName = "KnittingYarnCalcPro.app"
            BlueprintName = "KnittingYarnCalcPro"
            ReferencedContainer = "container:KnittingYarnCalc.xcodeproj">
         </BuildableReference>
      </MacroExpansion>
      <AdditionalOptions>
      </AdditionalOptions>
   </TestAction>
   <LaunchAction
      buildConfiguration = "Debug Paid"
      selectedDebuggerIdentifier = "Xcode.DebuggerFoundation.Debugger.LLDB"
      selectedLauncherIdentifier = "Xcode.DebuggerFoundation.Launcher.LLDB"
      launchStyle = "0"
      useCustomWorkingDirectory = "NO"
      ignoresPersistentStateOnLaunch = "NO"
      debugDocumentVersioning = "YES"
      debugServiceExtension = "internal"
      allowLocationSimulation = "YES">
      <MacroExpansion>
         <BuildableReference
            BuildableIdentifier = "primary"
            BlueprintIdentifier = "87DABA9A1CE7EBF4009DD3B1"
            BuildableName = "KnittingYarnCalcPro.app"
            BlueprintName = "KnittingYarnCalcPro"
            ReferencedContainer = "container:KnittingYarnCalc.xcodeproj">
         </BuildableReference>
      </MacroExpansion>
      <EnvironmentVariables>
         <EnvironmentVariable
            key = "OS_ACTIVITY_MODE"
            value = "disable"
            isEnabled = "YES">
         </EnvironmentVariable>
      </EnvironmentVariables>
      <AdditionalOptions>
      </AdditionalOptions>
   </LaunchAction>
   <ProfileAction
      buildConfiguration = "Release Paid"
      shouldUseLaunchSchemeArgsEnv = "YES"
      savedToolIdentifier = ""
      useCustomWorkingDirectory = "NO"
      debugDocumentVersioning = "YES">
      <MacroExpansion>
         <BuildableReference
            BuildableIdentifier = "primary"
            BlueprintIdentifier = "87DABA9A1CE7EBF4009DD3B1"
            BuildableName = "KnittingYarnCalcPro.app"
            BlueprintName = "KnittingYarnCalcPro"
            ReferencedContainer = "container:KnittingYarnCalc.xcodeproj">
         </BuildableReference>
      </MacroExpansion>
   </ProfileAction>
   <AnalyzeAction
      buildConfiguration = "Debug Paid">
   </AnalyzeAction>
   <ArchiveAction
      buildConfiguration = "Release Paid"
      revealArchiveInOrganizer = "YES">
   </ArchiveAction>
</Scheme>
